// !$*UTF8*$!
{
	archiveVersion = 1;
	classes = {
	};
	objectVersion = 55;
	objects = {

/* Begin PBXBuildFile section */
		2134EEC3278A8AE300A5B24C /* AppDelegate.m in Sources */ = {isa = PBXBuildFile; fileRef = 2134EEC2278A8AE300A5B24C /* AppDelegate.m */; };
		2134EEC6278A8AE300A5B24C /* SceneDelegate.m in Sources */ = {isa = PBXBuildFile; fileRef = 2134EEC5278A8AE300A5B24C /* SceneDelegate.m */; };
		2134EEC9278A8AE300A5B24C /* ZPJNewsVC.m in Sources */ = {isa = PBXBuildFile; fileRef = 2134EEC8278A8AE300A5B24C /* ZPJNewsVC.m */; };
		2134EECE278A8AE600A5B24C /* Assets.xcassets in Resources */ = {isa = PBXBuildFile; fileRef = 2134EECD278A8AE600A5B24C /* Assets.xcassets */; };
		2134EED1278A8AE600A5B24C /* LaunchScreen.storyboard in Resources */ = {isa = PBXBuildFile; fileRef = 2134EECF278A8AE600A5B24C /* LaunchScreen.storyboard */; };
		2134EED4278A8AE600A5B24C /* main.m in Sources */ = {isa = PBXBuildFile; fileRef = 2134EED3278A8AE600A5B24C /* main.m */; };
		2134EF1C27916C3A00A5B24C /* ZPJVideoVC.m in Sources */ = {isa = PBXBuildFile; fileRef = 2134EF1B27916C3A00A5B24C /* ZPJVideoVC.m */; };
		2134EF222791929300A5B24C /* ZPJNormalNewsCell.m in Sources */ = {isa = PBXBuildFile; fileRef = 2134EF212791929300A5B24C /* ZPJNormalNewsCell.m */; };
		2134EF2A279264EE00A5B24C /* ZPJNewsDetailVC.m in Sources */ = {isa = PBXBuildFile; fileRef = 2134EF29279264EE00A5B24C /* ZPJNewsDetailVC.m */; };
		2134EF2D2792A30000A5B24C /* ZPJDeleteView.m in Sources */ = {isa = PBXBuildFile; fileRef = 2134EF2C2792A30000A5B24C /* ZPJDeleteView.m */; };
		2134EF382792E83600A5B24C /* ZPJMineVC.m in Sources */ = {isa = PBXBuildFile; fileRef = 2134EF372792E83600A5B24C /* ZPJMineVC.m */; };
		2134EF442792F88A00A5B24C /* ZPJListLoader.m in Sources */ = {isa = PBXBuildFile; fileRef = 2134EF432792F88A00A5B24C /* ZPJListLoader.m */; };
		2140292D2793C876004712AB /* ZPJListItem.m in Sources */ = {isa = PBXBuildFile; fileRef = 2140292C2793C876004712AB /* ZPJListItem.m */; };
		214029322794493F004712AB /* ZPJVideoCell.m in Sources */ = {isa = PBXBuildFile; fileRef = 214029312794493F004712AB /* ZPJVideoCell.m */; };
		2163A96927C2941B00ED8CFF /* ZPJTabBarController.m in Sources */ = {isa = PBXBuildFile; fileRef = 2163A96827C2941B00ED8CFF /* ZPJTabBarController.m */; };
		2163A97327C34FBC00ED8CFF /* ZPJHeader.m in Sources */ = {isa = PBXBuildFile; fileRef = 2163A97227C34FBC00ED8CFF /* ZPJHeader.m */; };
		2163A97927C3AC1500ED8CFF /* ZPJRecommendDetailView.m in Sources */ = {isa = PBXBuildFile; fileRef = 2163A97827C3AC1500ED8CFF /* ZPJRecommendDetailView.m */; };
		2163A97C27C4A52500ED8CFF /* ZPJMultiPicNewsCell.m in Sources */ = {isa = PBXBuildFile; fileRef = 2163A97B27C4A52500ED8CFF /* ZPJMultiPicNewsCell.m */; };
		2163A97E27C4EA0C00ED8CFF /* ZPJMultiPicNewsCell.xib in Resources */ = {isa = PBXBuildFile; fileRef = 2163A97D27C4EA0C00ED8CFF /* ZPJMultiPicNewsCell.xib */; };
		21819D3627C0BACE00C14F47 /* MyRecommendListItem.m in Sources */ = {isa = PBXBuildFile; fileRef = 21819D3527C0BACD00C14F47 /* MyRecommendListItem.m */; };
		21819D3927C0BB2000C14F47 /* MyRecommendListLoader.m in Sources */ = {isa = PBXBuildFile; fileRef = 21819D3827C0BB2000C14F47 /* MyRecommendListLoader.m */; };
		21819D3C27C0BB9C00C14F47 /* ZPJRecommendCell.m in Sources */ = {isa = PBXBuildFile; fileRef = 21819D3B27C0BB9C00C14F47 /* ZPJRecommendCell.m */; };
		21819D3F27C0BC0000C14F47 /* ZPJRecommendLayout.m in Sources */ = {isa = PBXBuildFile; fileRef = 21819D3E27C0BC0000C14F47 /* ZPJRecommendLayout.m */; };
		21819D4527C0BEEF00C14F47 /* ZPJRecommendVC.m in Sources */ = {isa = PBXBuildFile; fileRef = 21819D4327C0BEEF00C14F47 /* ZPJRecommendVC.m */; };
		2196AAE127954ECF00C06FA8 /* ZPJVideoPlayer.m in Sources */ = {isa = PBXBuildFile; fileRef = 2196AAE027954ECF00C06FA8 /* ZPJVideoPlayer.m */; };
		2196AAE42795ACC900C06FA8 /* ZPJVideoToolbar.m in Sources */ = {isa = PBXBuildFile; fileRef = 2196AAE32795ACC900C06FA8 /* ZPJVideoToolbar.m */; };
		2196AB1C2798FC9D00C06FA8 /* NSString+LabelSizeCalculator.m in Sources */ = {isa = PBXBuildFile; fileRef = 2196AB1B2798FC9D00C06FA8 /* NSString+LabelSizeCalculator.m */; };
		2196AB1F2798FFB200C06FA8 /* ZPJFlowLayout.m in Sources */ = {isa = PBXBuildFile; fileRef = 2196AB1E2798FFB200C06FA8 /* ZPJFlowLayout.m */; };
		219CD3B4279AFDD500FB0759 /* ZPJVideoListLoader.m in Sources */ = {isa = PBXBuildFile; fileRef = 219CD3B3279AFDD500FB0759 /* ZPJVideoListLoader.m */; };
		219CD3BD279C56C800FB0759 /* ZPJVideoListItem.m in Sources */ = {isa = PBXBuildFile; fileRef = 219CD3BC279C56C800FB0759 /* ZPJVideoListItem.m */; };
		219D706527A663550025AFC0 /* ZPJLocation.m in Sources */ = {isa = PBXBuildFile; fileRef = 219D706427A663550025AFC0 /* ZPJLocation.m */; };
		219D706827A6D0D80025AFC0 /* ZPJNotification.m in Sources */ = {isa = PBXBuildFile; fileRef = 219D706727A6D0D70025AFC0 /* ZPJNotification.m */; };
		21A0EB3C27B0C7AA00F30EE2 /* ZPJSearchBar.m in Sources */ = {isa = PBXBuildFile; fileRef = 21A0EB3B27B0C7AA00F30EE2 /* ZPJSearchBar.m */; };
		21A0EB6927B6956600F30EE2 /* ZPJNewsPageVC.m in Sources */ = {isa = PBXBuildFile; fileRef = 21A0EB6827B6956600F30EE2 /* ZPJNewsPageVC.m */; };
		21A0EB6C27B8EDAC00F30EE2 /* ZPJVideoPageVC.m in Sources */ = {isa = PBXBuildFile; fileRef = 21A0EB6B27B8EDAC00F30EE2 /* ZPJVideoPageVC.m */; };
		21DE2B6427A29866006C742C /* ZPJSplashView.m in Sources */ = {isa = PBXBuildFile; fileRef = 21DE2B6327A29866006C742C /* ZPJSplashView.m */; };
		8CC034AE46BB861FF84AA58B /* libPods-NewsAPP.a in Frameworks */ = {isa = PBXBuildFile; fileRef = 64EC15F34A90107CF267E195 /* libPods-NewsAPP.a */; };
/* End PBXBuildFile section */

/* Begin PBXFileReference section */
		2134EEBE278A8AE300A5B24C /* NewsAPP.app */ = {isa = PBXFileReference; explicitFileType = wrapper.application; includeInIndex = 0; path = NewsAPP.app; sourceTree = BUILT_PRODUCTS_DIR; };
		2134EEC1278A8AE300A5B24C /* AppDelegate.h */ = {isa = PBXFileReference; lastKnownFileType = sourcecode.c.h; path = AppDelegate.h; sourceTree = "<group>"; };
		2134EEC2278A8AE300A5B24C /* AppDelegate.m */ = {isa = PBXFileReference; lastKnownFileType = sourcecode.c.objc; path = AppDelegate.m; sourceTree = "<group>"; };
		2134EEC4278A8AE300A5B24C /* SceneDelegate.h */ = {isa = PBXFileReference; lastKnownFileType = sourcecode.c.h; path = SceneDelegate.h; sourceTree = "<group>"; };
		2134EEC5278A8AE300A5B24C /* SceneDelegate.m */ = {isa = PBXFileReference; lastKnownFileType = sourcecode.c.objc; path = SceneDelegate.m; sourceTree = "<group>"; };
		2134EEC7278A8AE300A5B24C /* ZPJNewsVC.h */ = {isa = PBXFileReference; lastKnownFileType = sourcecode.c.h; path = ZPJNewsVC.h; sourceTree = "<group>"; };
		2134EEC8278A8AE300A5B24C /* ZPJNewsVC.m */ = {isa = PBXFileReference; lastKnownFileType = sourcecode.c.objc; path = ZPJNewsVC.m; sourceTree = "<group>"; };
		2134EECD278A8AE600A5B24C /* Assets.xcassets */ = {isa = PBXFileReference; lastKnownFileType = folder.assetcatalog; path = Assets.xcassets; sourceTree = "<group>"; };
		2134EED0278A8AE600A5B24C /* Base */ = {isa = PBXFileReference; lastKnownFileType = file.storyboard; name = Base; path = Base.lproj/LaunchScreen.storyboard; sourceTree = "<group>"; };
		2134EED2278A8AE600A5B24C /* Info.plist */ = {isa = PBXFileReference; lastKnownFileType = text.plist.xml; path = Info.plist; sourceTree = "<group>"; };
		2134EED3278A8AE600A5B24C /* main.m */ = {isa = PBXFileReference; lastKnownFileType = sourcecode.c.objc; path = main.m; sourceTree = "<group>"; };
		2134EF1A27916C3A00A5B24C /* ZPJVideoVC.h */ = {isa = PBXFileReference; lastKnownFileType = sourcecode.c.h; path = ZPJVideoVC.h; sourceTree = "<group>"; };
		2134EF1B27916C3A00A5B24C /* ZPJVideoVC.m */ = {isa = PBXFileReference; lastKnownFileType = sourcecode.c.objc; path = ZPJVideoVC.m; sourceTree = "<group>"; };
		2134EF202791929300A5B24C /* ZPJNormalNewsCell.h */ = {isa = PBXFileReference; lastKnownFileType = sourcecode.c.h; path = ZPJNormalNewsCell.h; sourceTree = "<group>"; };
		2134EF212791929300A5B24C /* ZPJNormalNewsCell.m */ = {isa = PBXFileReference; lastKnownFileType = sourcecode.c.objc; path = ZPJNormalNewsCell.m; sourceTree = "<group>"; };
		2134EF28279264EE00A5B24C /* ZPJNewsDetailVC.h */ = {isa = PBXFileReference; lastKnownFileType = sourcecode.c.h; path = ZPJNewsDetailVC.h; sourceTree = "<group>"; };
		2134EF29279264EE00A5B24C /* ZPJNewsDetailVC.m */ = {isa = PBXFileReference; lastKnownFileType = sourcecode.c.objc; path = ZPJNewsDetailVC.m; sourceTree = "<group>"; };
		2134EF2B2792A30000A5B24C /* ZPJDeleteView.h */ = {isa = PBXFileReference; lastKnownFileType = sourcecode.c.h; path = ZPJDeleteView.h; sourceTree = "<group>"; };
		2134EF2C2792A30000A5B24C /* ZPJDeleteView.m */ = {isa = PBXFileReference; lastKnownFileType = sourcecode.c.objc; path = ZPJDeleteView.m; sourceTree = "<group>"; };
		2134EF362792E83600A5B24C /* ZPJMineVC.h */ = {isa = PBXFileReference; lastKnownFileType = sourcecode.c.h; path = ZPJMineVC.h; sourceTree = "<group>"; };
		2134EF372792E83600A5B24C /* ZPJMineVC.m */ = {isa = PBXFileReference; lastKnownFileType = sourcecode.c.objc; path = ZPJMineVC.m; sourceTree = "<group>"; };
		2134EF422792F88A00A5B24C /* ZPJListLoader.h */ = {isa = PBXFileReference; lastKnownFileType = sourcecode.c.h; path = ZPJListLoader.h; sourceTree = "<group>"; };
		2134EF432792F88A00A5B24C /* ZPJListLoader.m */ = {isa = PBXFileReference; lastKnownFileType = sourcecode.c.objc; path = ZPJListLoader.m; sourceTree = "<group>"; };
		2140292B2793C876004712AB /* ZPJListItem.h */ = {isa = PBXFileReference; lastKnownFileType = sourcecode.c.h; path = ZPJListItem.h; sourceTree = "<group>"; };
		2140292C2793C876004712AB /* ZPJListItem.m */ = {isa = PBXFileReference; lastKnownFileType = sourcecode.c.objc; path = ZPJListItem.m; sourceTree = "<group>"; };
		214029302794493F004712AB /* ZPJVideoCell.h */ = {isa = PBXFileReference; lastKnownFileType = sourcecode.c.h; path = ZPJVideoCell.h; sourceTree = "<group>"; };
		214029312794493F004712AB /* ZPJVideoCell.m */ = {isa = PBXFileReference; lastKnownFileType = sourcecode.c.objc; path = ZPJVideoCell.m; sourceTree = "<group>"; };
		2163A96727C2941B00ED8CFF /* ZPJTabBarController.h */ = {isa = PBXFileReference; lastKnownFileType = sourcecode.c.h; path = ZPJTabBarController.h; sourceTree = "<group>"; };
		2163A96827C2941B00ED8CFF /* ZPJTabBarController.m */ = {isa = PBXFileReference; lastKnownFileType = sourcecode.c.objc; path = ZPJTabBarController.m; sourceTree = "<group>"; };
		2163A97127C34FBC00ED8CFF /* ZPJHeader.h */ = {isa = PBXFileReference; lastKnownFileType = sourcecode.c.h; path = ZPJHeader.h; sourceTree = "<group>"; };
		2163A97227C34FBC00ED8CFF /* ZPJHeader.m */ = {isa = PBXFileReference; lastKnownFileType = sourcecode.c.objc; path = ZPJHeader.m; sourceTree = "<group>"; };
		2163A97727C3AC1500ED8CFF /* ZPJRecommendDetailView.h */ = {isa = PBXFileReference; lastKnownFileType = sourcecode.c.h; path = ZPJRecommendDetailView.h; sourceTree = "<group>"; };
		2163A97827C3AC1500ED8CFF /* ZPJRecommendDetailView.m */ = {isa = PBXFileReference; lastKnownFileType = sourcecode.c.objc; path = ZPJRecommendDetailView.m; sourceTree = "<group>"; };
		2163A97A27C4A52500ED8CFF /* ZPJMultiPicNewsCell.h */ = {isa = PBXFileReference; lastKnownFileType = sourcecode.c.h; path = ZPJMultiPicNewsCell.h; sourceTree = "<group>"; };
		2163A97B27C4A52500ED8CFF /* ZPJMultiPicNewsCell.m */ = {isa = PBXFileReference; lastKnownFileType = sourcecode.c.objc; path = ZPJMultiPicNewsCell.m; sourceTree = "<group>"; };
		2163A97D27C4EA0C00ED8CFF /* ZPJMultiPicNewsCell.xib */ = {isa = PBXFileReference; lastKnownFileType = file.xib; path = ZPJMultiPicNewsCell.xib; sourceTree = "<group>"; };
		21819D3427C0BACD00C14F47 /* MyRecommendListItem.h */ = {isa = PBXFileReference; lastKnownFileType = sourcecode.c.h; path = MyRecommendListItem.h; sourceTree = "<group>"; };
		21819D3527C0BACD00C14F47 /* MyRecommendListItem.m */ = {isa = PBXFileReference; lastKnownFileType = sourcecode.c.objc; path = MyRecommendListItem.m; sourceTree = "<group>"; };
		21819D3727C0BB2000C14F47 /* MyRecommendListLoader.h */ = {isa = PBXFileReference; lastKnownFileType = sourcecode.c.h; path = MyRecommendListLoader.h; sourceTree = "<group>"; };
		21819D3827C0BB2000C14F47 /* MyRecommendListLoader.m */ = {isa = PBXFileReference; lastKnownFileType = sourcecode.c.objc; path = MyRecommendListLoader.m; sourceTree = "<group>"; };
		21819D3A27C0BB9C00C14F47 /* ZPJRecommendCell.h */ = {isa = PBXFileReference; lastKnownFileType = sourcecode.c.h; path = ZPJRecommendCell.h; sourceTree = "<group>"; };
		21819D3B27C0BB9C00C14F47 /* ZPJRecommendCell.m */ = {isa = PBXFileReference; lastKnownFileType = sourcecode.c.objc; path = ZPJRecommendCell.m; sourceTree = "<group>"; };
		21819D3D27C0BC0000C14F47 /* ZPJRecommendLayout.h */ = {isa = PBXFileReference; lastKnownFileType = sourcecode.c.h; path = ZPJRecommendLayout.h; sourceTree = "<group>"; };
		21819D3E27C0BC0000C14F47 /* ZPJRecommendLayout.m */ = {isa = PBXFileReference; lastKnownFileType = sourcecode.c.objc; path = ZPJRecommendLayout.m; sourceTree = "<group>"; };
		21819D4327C0BEEF00C14F47 /* ZPJRecommendVC.m */ = {isa = PBXFileReference; fileEncoding = 4; lastKnownFileType = sourcecode.c.objc; path = ZPJRecommendVC.m; sourceTree = "<group>"; };
		21819D4427C0BEEF00C14F47 /* ZPJRecommendVC.h */ = {isa = PBXFileReference; fileEncoding = 4; lastKnownFileType = sourcecode.c.h; path = ZPJRecommendVC.h; sourceTree = "<group>"; };
		2196AADF27954ECF00C06FA8 /* ZPJVideoPlayer.h */ = {isa = PBXFileReference; lastKnownFileType = sourcecode.c.h; path = ZPJVideoPlayer.h; sourceTree = "<group>"; };
		2196AAE027954ECF00C06FA8 /* ZPJVideoPlayer.m */ = {isa = PBXFileReference; lastKnownFileType = sourcecode.c.objc; path = ZPJVideoPlayer.m; sourceTree = "<group>"; };
		2196AAE22795ACC900C06FA8 /* ZPJVideoToolbar.h */ = {isa = PBXFileReference; lastKnownFileType = sourcecode.c.h; path = ZPJVideoToolbar.h; sourceTree = "<group>"; };
		2196AAE32795ACC900C06FA8 /* ZPJVideoToolbar.m */ = {isa = PBXFileReference; lastKnownFileType = sourcecode.c.objc; path = ZPJVideoToolbar.m; sourceTree = "<group>"; };
		2196AB1A2798FC9D00C06FA8 /* NSString+LabelSizeCalculator.h */ = {isa = PBXFileReference; lastKnownFileType = sourcecode.c.h; path = "NSString+LabelSizeCalculator.h"; sourceTree = "<group>"; };
		2196AB1B2798FC9D00C06FA8 /* NSString+LabelSizeCalculator.m */ = {isa = PBXFileReference; lastKnownFileType = sourcecode.c.objc; path = "NSString+LabelSizeCalculator.m"; sourceTree = "<group>"; };
		2196AB1D2798FFB200C06FA8 /* ZPJFlowLayout.h */ = {isa = PBXFileReference; lastKnownFileType = sourcecode.c.h; path = ZPJFlowLayout.h; sourceTree = "<group>"; };
		2196AB1E2798FFB200C06FA8 /* ZPJFlowLayout.m */ = {isa = PBXFileReference; lastKnownFileType = sourcecode.c.objc; path = ZPJFlowLayout.m; sourceTree = "<group>"; };
		219CD3B2279AFDD500FB0759 /* ZPJVideoListLoader.h */ = {isa = PBXFileReference; lastKnownFileType = sourcecode.c.h; path = ZPJVideoListLoader.h; sourceTree = "<group>"; };
		219CD3B3279AFDD500FB0759 /* ZPJVideoListLoader.m */ = {isa = PBXFileReference; lastKnownFileType = sourcecode.c.objc; path = ZPJVideoListLoader.m; sourceTree = "<group>"; };
		219CD3BB279C56C800FB0759 /* ZPJVideoListItem.h */ = {isa = PBXFileReference; lastKnownFileType = sourcecode.c.h; path = ZPJVideoListItem.h; sourceTree = "<group>"; };
		219CD3BC279C56C800FB0759 /* ZPJVideoListItem.m */ = {isa = PBXFileReference; lastKnownFileType = sourcecode.c.objc; path = ZPJVideoListItem.m; sourceTree = "<group>"; };
		219D706327A663550025AFC0 /* ZPJLocation.h */ = {isa = PBXFileReference; lastKnownFileType = sourcecode.c.h; path = ZPJLocation.h; sourceTree = "<group>"; };
		219D706427A663550025AFC0 /* ZPJLocation.m */ = {isa = PBXFileReference; lastKnownFileType = sourcecode.c.objc; path = ZPJLocation.m; sourceTree = "<group>"; };
		219D706627A6D0D70025AFC0 /* ZPJNotification.h */ = {isa = PBXFileReference; lastKnownFileType = sourcecode.c.h; path = ZPJNotification.h; sourceTree = "<group>"; };
		219D706727A6D0D70025AFC0 /* ZPJNotification.m */ = {isa = PBXFileReference; lastKnownFileType = sourcecode.c.objc; path = ZPJNotification.m; sourceTree = "<group>"; };
		21A0EB3A27B0C7AA00F30EE2 /* ZPJSearchBar.h */ = {isa = PBXFileReference; lastKnownFileType = sourcecode.c.h; path = ZPJSearchBar.h; sourceTree = "<group>"; };
		21A0EB3B27B0C7AA00F30EE2 /* ZPJSearchBar.m */ = {isa = PBXFileReference; lastKnownFileType = sourcecode.c.objc; path = ZPJSearchBar.m; sourceTree = "<group>"; };
		21A0EB6727B6956600F30EE2 /* ZPJNewsPageVC.h */ = {isa = PBXFileReference; lastKnownFileType = sourcecode.c.h; path = ZPJNewsPageVC.h; sourceTree = "<group>"; };
		21A0EB6827B6956600F30EE2 /* ZPJNewsPageVC.m */ = {isa = PBXFileReference; lastKnownFileType = sourcecode.c.objc; path = ZPJNewsPageVC.m; sourceTree = "<group>"; };
		21A0EB6A27B8EDAC00F30EE2 /* ZPJVideoPageVC.h */ = {isa = PBXFileReference; lastKnownFileType = sourcecode.c.h; path = ZPJVideoPageVC.h; sourceTree = "<group>"; };
		21A0EB6B27B8EDAC00F30EE2 /* ZPJVideoPageVC.m */ = {isa = PBXFileReference; lastKnownFileType = sourcecode.c.objc; path = ZPJVideoPageVC.m; sourceTree = "<group>"; };
		21DE2B6227A29866006C742C /* ZPJSplashView.h */ = {isa = PBXFileReference; lastKnownFileType = sourcecode.c.h; path = ZPJSplashView.h; sourceTree = "<group>"; };
		21DE2B6327A29866006C742C /* ZPJSplashView.m */ = {isa = PBXFileReference; lastKnownFileType = sourcecode.c.objc; path = ZPJSplashView.m; sourceTree = "<group>"; };
		64EC15F34A90107CF267E195 /* libPods-NewsAPP.a */ = {isa = PBXFileReference; explicitFileType = archive.ar; includeInIndex = 0; path = "libPods-NewsAPP.a"; sourceTree = BUILT_PRODUCTS_DIR; };
		B6DFA0BB8C1D4F988E11C9A4 /* Pods-NewsAPP.debug.xcconfig */ = {isa = PBXFileReference; includeInIndex = 1; lastKnownFileType = text.xcconfig; name = "Pods-NewsAPP.debug.xcconfig"; path = "Target Support Files/Pods-NewsAPP/Pods-NewsAPP.debug.xcconfig"; sourceTree = "<group>"; };
		FE993D6D18BB1DBC3136FF5F /* Pods-NewsAPP.release.xcconfig */ = {isa = PBXFileReference; includeInIndex = 1; lastKnownFileType = text.xcconfig; name = "Pods-NewsAPP.release.xcconfig"; path = "Target Support Files/Pods-NewsAPP/Pods-NewsAPP.release.xcconfig"; sourceTree = "<group>"; };
/* End PBXFileReference section */

/* Begin PBXFrameworksBuildPhase section */
		2134EEBB278A8AE300A5B24C /* Frameworks */ = {
			isa = PBXFrameworksBuildPhase;
			buildActionMask = 2147483647;
			files = (
				8CC034AE46BB861FF84AA58B /* libPods-NewsAPP.a in Frameworks */,
			);
			runOnlyForDeploymentPostprocessing = 0;
		};
/* End PBXFrameworksBuildPhase section */

/* Begin PBXGroup section */
		2134EEB5278A8AE300A5B24C = {
			isa = PBXGroup;
			children = (
				2134EEC0278A8AE300A5B24C /* NewsAPP */,
				2134EEBF278A8AE300A5B24C /* Products */,
				64F47E6EB8CB084589C9D349 /* Pods */,
				41190DF981BF77FC7C5F123B /* Frameworks */,
			);
			sourceTree = "<group>";
		};
		2134EEBF278A8AE300A5B24C /* Products */ = {
			isa = PBXGroup;
			children = (
				2134EEBE278A8AE300A5B24C /* NewsAPP.app */,
			);
			name = Products;
			sourceTree = "<group>";
		};
		2134EEC0278A8AE300A5B24C /* NewsAPP */ = {
			isa = PBXGroup;
			children = (
				2163A96127C27CF100ED8CFF /* ZPJMain */,
				2134EF2E2792E4F200A5B24C /* ZPJNews */,
				2134EF332792E5E700A5B24C /* ZPJVideo */,
				2134EF342792E5F900A5B24C /* ZPJRecommend */,
				2134EF352792E60700A5B24C /* ZPJMine */,
				2163A95F27C11F7B00ED8CFF /* ZPJTools */,
				2163A96327C28A5700ED8CFF /* ZPJOthers */,
				2134EEC1278A8AE300A5B24C /* AppDelegate.h */,
				2134EEC2278A8AE300A5B24C /* AppDelegate.m */,
				2134EEC4278A8AE300A5B24C /* SceneDelegate.h */,
				2134EEC5278A8AE300A5B24C /* SceneDelegate.m */,
				2134EECF278A8AE600A5B24C /* LaunchScreen.storyboard */,
				2134EED2278A8AE600A5B24C /* Info.plist */,
				2134EED3278A8AE600A5B24C /* main.m */,
				2134EECD278A8AE600A5B24C /* Assets.xcassets */,
			);
			path = NewsAPP;
			sourceTree = "<group>";
		};
		2134EF2E2792E4F200A5B24C /* ZPJNews */ = {
			isa = PBXGroup;
			children = (
				2134EF312792E5BC00A5B24C /* Model */,
				2134EF2F2792E58600A5B24C /* View */,
				2134EF302792E5B000A5B24C /* Controller */,
				2134EF322792E5C700A5B24C /* Detail */,
			);
			path = ZPJNews;
			sourceTree = "<group>";
		};
		2134EF2F2792E58600A5B24C /* View */ = {
			isa = PBXGroup;
			children = (
				2134EF202791929300A5B24C /* ZPJNormalNewsCell.h */,
				2134EF212791929300A5B24C /* ZPJNormalNewsCell.m */,
				2134EF2B2792A30000A5B24C /* ZPJDeleteView.h */,
				2134EF2C2792A30000A5B24C /* ZPJDeleteView.m */,
				2163A97A27C4A52500ED8CFF /* ZPJMultiPicNewsCell.h */,
				2163A97B27C4A52500ED8CFF /* ZPJMultiPicNewsCell.m */,
				2163A97D27C4EA0C00ED8CFF /* ZPJMultiPicNewsCell.xib */,
			);
			path = View;
			sourceTree = "<group>";
		};
		2134EF302792E5B000A5B24C /* Controller */ = {
			isa = PBXGroup;
			children = (
				2134EEC7278A8AE300A5B24C /* ZPJNewsVC.h */,
				2134EEC8278A8AE300A5B24C /* ZPJNewsVC.m */,
				21A0EB6727B6956600F30EE2 /* ZPJNewsPageVC.h */,
				21A0EB6827B6956600F30EE2 /* ZPJNewsPageVC.m */,
			);
			path = Controller;
			sourceTree = "<group>";
		};
		2134EF312792E5BC00A5B24C /* Model */ = {
			isa = PBXGroup;
			children = (
				2134EF422792F88A00A5B24C /* ZPJListLoader.h */,
				2134EF432792F88A00A5B24C /* ZPJListLoader.m */,
				2140292B2793C876004712AB /* ZPJListItem.h */,
				2140292C2793C876004712AB /* ZPJListItem.m */,
			);
			path = Model;
			sourceTree = "<group>";
		};
		2134EF322792E5C700A5B24C /* Detail */ = {
			isa = PBXGroup;
			children = (
				2134EF28279264EE00A5B24C /* ZPJNewsDetailVC.h */,
				2134EF29279264EE00A5B24C /* ZPJNewsDetailVC.m */,
			);
			path = Detail;
			sourceTree = "<group>";
		};
		2134EF332792E5E700A5B24C /* ZPJVideo */ = {
			isa = PBXGroup;
			children = (
				2134EF3B2792EAF200A5B24C /* Model */,
				2134EF3A2792EAED00A5B24C /* View */,
				2134EF392792EADA00A5B24C /* Controller */,
			);
			path = ZPJVideo;
			sourceTree = "<group>";
		};
		2134EF342792E5F900A5B24C /* ZPJRecommend */ = {
			isa = PBXGroup;
			children = (
				2134EF3E2792EB0C00A5B24C /* Model */,
				2134EF3D2792EB0700A5B24C /* View */,
				2134EF3C2792EAFC00A5B24C /* Controller */,
			);
			path = ZPJRecommend;
			sourceTree = "<group>";
		};
		2134EF352792E60700A5B24C /* ZPJMine */ = {
			isa = PBXGroup;
			children = (
				2134EF412792EB2600A5B24C /* Model */,
				2134EF402792EB1F00A5B24C /* View */,
				2134EF3F2792EB1500A5B24C /* Controller */,
			);
			path = ZPJMine;
			sourceTree = "<group>";
		};
		2134EF392792EADA00A5B24C /* Controller */ = {
			isa = PBXGroup;
			children = (
				2134EF1A27916C3A00A5B24C /* ZPJVideoVC.h */,
				2134EF1B27916C3A00A5B24C /* ZPJVideoVC.m */,
				21A0EB6A27B8EDAC00F30EE2 /* ZPJVideoPageVC.h */,
				21A0EB6B27B8EDAC00F30EE2 /* ZPJVideoPageVC.m */,
			);
			path = Controller;
			sourceTree = "<group>";
		};
		2134EF3A2792EAED00A5B24C /* View */ = {
			isa = PBXGroup;
			children = (
				214029302794493F004712AB /* ZPJVideoCell.h */,
				214029312794493F004712AB /* ZPJVideoCell.m */,
				2196AADF27954ECF00C06FA8 /* ZPJVideoPlayer.h */,
				2196AAE027954ECF00C06FA8 /* ZPJVideoPlayer.m */,
				2196AAE22795ACC900C06FA8 /* ZPJVideoToolbar.h */,
				2196AAE32795ACC900C06FA8 /* ZPJVideoToolbar.m */,
				2196AB1D2798FFB200C06FA8 /* ZPJFlowLayout.h */,
				2196AB1E2798FFB200C06FA8 /* ZPJFlowLayout.m */,
			);
			path = View;
			sourceTree = "<group>";
		};
		2134EF3B2792EAF200A5B24C /* Model */ = {
			isa = PBXGroup;
			children = (
				219CD3B2279AFDD500FB0759 /* ZPJVideoListLoader.h */,
				219CD3B3279AFDD500FB0759 /* ZPJVideoListLoader.m */,
				219CD3BB279C56C800FB0759 /* ZPJVideoListItem.h */,
				219CD3BC279C56C800FB0759 /* ZPJVideoListItem.m */,
			);
			path = Model;
			sourceTree = "<group>";
		};
		2134EF3C2792EAFC00A5B24C /* Controller */ = {
			isa = PBXGroup;
			children = (
				21819D4427C0BEEF00C14F47 /* ZPJRecommendVC.h */,
				21819D4327C0BEEF00C14F47 /* ZPJRecommendVC.m */,
			);
			path = Controller;
			sourceTree = "<group>";
		};
		2134EF3D2792EB0700A5B24C /* View */ = {
			isa = PBXGroup;
			children = (
				21819D3A27C0BB9C00C14F47 /* ZPJRecommendCell.h */,
				21819D3B27C0BB9C00C14F47 /* ZPJRecommendCell.m */,
				21819D3D27C0BC0000C14F47 /* ZPJRecommendLayout.h */,
				21819D3E27C0BC0000C14F47 /* ZPJRecommendLayout.m */,
				2163A97727C3AC1500ED8CFF /* ZPJRecommendDetailView.h */,
				2163A97827C3AC1500ED8CFF /* ZPJRecommendDetailView.m */,
			);
			path = View;
			sourceTree = "<group>";
		};
		2134EF3E2792EB0C00A5B24C /* Model */ = {
			isa = PBXGroup;
			children = (
				21819D3427C0BACD00C14F47 /* MyRecommendListItem.h */,
				21819D3527C0BACD00C14F47 /* MyRecommendListItem.m */,
				21819D3727C0BB2000C14F47 /* MyRecommendListLoader.h */,
				21819D3827C0BB2000C14F47 /* MyRecommendListLoader.m */,
			);
			path = Model;
			sourceTree = "<group>";
		};
		2134EF3F2792EB1500A5B24C /* Controller */ = {
			isa = PBXGroup;
			children = (
				2134EF362792E83600A5B24C /* ZPJMineVC.h */,
				2134EF372792E83600A5B24C /* ZPJMineVC.m */,
			);
			path = Controller;
			sourceTree = "<group>";
		};
		2134EF402792EB1F00A5B24C /* View */ = {
			isa = PBXGroup;
			children = (
			);
			path = View;
			sourceTree = "<group>";
		};
		2134EF412792EB2600A5B24C /* Model */ = {
			isa = PBXGroup;
			children = (
			);
			path = Model;
			sourceTree = "<group>";
		};
		2163A95F27C11F7B00ED8CFF /* ZPJTools */ = {
			isa = PBXGroup;
			children = (
				2196AB1A2798FC9D00C06FA8 /* NSString+LabelSizeCalculator.h */,
				2196AB1B2798FC9D00C06FA8 /* NSString+LabelSizeCalculator.m */,
			);
			path = ZPJTools;
			sourceTree = "<group>";
		};
		2163A96127C27CF100ED8CFF /* ZPJMain */ = {
			isa = PBXGroup;
			children = (
				2163A97127C34FBC00ED8CFF /* ZPJHeader.h */,
				2163A97227C34FBC00ED8CFF /* ZPJHeader.m */,
				2163A96727C2941B00ED8CFF /* ZPJTabBarController.h */,
				2163A96827C2941B00ED8CFF /* ZPJTabBarController.m */,
				21A0EB3A27B0C7AA00F30EE2 /* ZPJSearchBar.h */,
				21A0EB3B27B0C7AA00F30EE2 /* ZPJSearchBar.m */,
			);
			path = ZPJMain;
			sourceTree = "<group>";
		};
		2163A96327C28A5700ED8CFF /* ZPJOthers */ = {
			isa = PBXGroup;
			children = (
				21DE2B6227A29866006C742C /* ZPJSplashView.h */,
				21DE2B6327A29866006C742C /* ZPJSplashView.m */,
				219D706327A663550025AFC0 /* ZPJLocation.h */,
				219D706427A663550025AFC0 /* ZPJLocation.m */,
				219D706627A6D0D70025AFC0 /* ZPJNotification.h */,
				219D706727A6D0D70025AFC0 /* ZPJNotification.m */,
			);
			path = ZPJOthers;
			sourceTree = "<group>";
		};
		41190DF981BF77FC7C5F123B /* Frameworks */ = {
			isa = PBXGroup;
			children = (
				64EC15F34A90107CF267E195 /* libPods-NewsAPP.a */,
			);
			name = Frameworks;
			sourceTree = "<group>";
		};
		64F47E6EB8CB084589C9D349 /* Pods */ = {
			isa = PBXGroup;
			children = (
				B6DFA0BB8C1D4F988E11C9A4 /* Pods-NewsAPP.debug.xcconfig */,
				FE993D6D18BB1DBC3136FF5F /* Pods-NewsAPP.release.xcconfig */,
			);
			path = Pods;
			sourceTree = "<group>";
		};
/* End PBXGroup section */

/* Begin PBXNativeTarget section */
		2134EEBD278A8AE300A5B24C /* NewsAPP */ = {
			isa = PBXNativeTarget;
			buildConfigurationList = 2134EED7278A8AE600A5B24C /* Build configuration list for PBXNativeTarget "NewsAPP" */;
			buildPhases = (
				A0803EDA4C416EAB9A336C48 /* [CP] Check Pods Manifest.lock */,
				2134EEBA278A8AE300A5B24C /* Sources */,
				2134EEBB278A8AE300A5B24C /* Frameworks */,
				2134EEBC278A8AE300A5B24C /* Resources */,
				8AD622D2BC4A1440D9142502 /* [CP] Copy Pods Resources */,
			);
			buildRules = (
			);
			dependencies = (
			);
			name = NewsAPP;
			productName = NewsAPP;
			productReference = 2134EEBE278A8AE300A5B24C /* NewsAPP.app */;
			productType = "com.apple.product-type.application";
		};
/* End PBXNativeTarget section */

/* Begin PBXProject section */
		2134EEB6278A8AE300A5B24C /* Project object */ = {
			isa = PBXProject;
			attributes = {
				BuildIndependentTargetsInParallel = 1;
				LastUpgradeCheck = 1310;
				TargetAttributes = {
					2134EEBD278A8AE300A5B24C = {
						CreatedOnToolsVersion = 13.1;
					};
				};
			};
			buildConfigurationList = 2134EEB9278A8AE300A5B24C /* Build configuration list for PBXProject "NewsAPP" */;
			compatibilityVersion = "Xcode 13.0";
			developmentRegion = en;
			hasScannedForEncodings = 0;
			knownRegions = (
				en,
				Base,
			);
			mainGroup = 2134EEB5278A8AE300A5B24C;
			productRefGroup = 2134EEBF278A8AE300A5B24C /* Products */;
			projectDirPath = "";
			projectRoot = "";
			targets = (
				2134EEBD278A8AE300A5B24C /* NewsAPP */,
			);
		};
/* End PBXProject section */

/* Begin PBXResourcesBuildPhase section */
		2134EEBC278A8AE300A5B24C /* Resources */ = {
			isa = PBXResourcesBuildPhase;
			buildActionMask = 2147483647;
			files = (
				2163A97E27C4EA0C00ED8CFF /* ZPJMultiPicNewsCell.xib in Resources */,
				2134EED1278A8AE600A5B24C /* LaunchScreen.storyboard in Resources */,
				2134EECE278A8AE600A5B24C /* Assets.xcassets in Resources */,
			);
			runOnlyForDeploymentPostprocessing = 0;
		};
/* End PBXResourcesBuildPhase section */

/* Begin PBXShellScriptBuildPhase section */
		8AD622D2BC4A1440D9142502 /* [CP] Copy Pods Resources */ = {
			isa = PBXShellScriptBuildPhase;
			buildActionMask = 2147483647;
			files = (
			);
			inputFileListPaths = (
				"${PODS_ROOT}/Target Support Files/Pods-NewsAPP/Pods-NewsAPP-resources-${CONFIGURATION}-input-files.xcfilelist",
			);
			name = "[CP] Copy Pods Resources";
			outputFileListPaths = (
				"${PODS_ROOT}/Target Support Files/Pods-NewsAPP/Pods-NewsAPP-resources-${CONFIGURATION}-output-files.xcfilelist",
			);
			runOnlyForDeploymentPostprocessing = 0;
			shellPath = /bin/sh;
			shellScript = "\"${PODS_ROOT}/Target Support Files/Pods-NewsAPP/Pods-NewsAPP-resources.sh\"\n";
			showEnvVarsInLog = 0;
		};
		A0803EDA4C416EAB9A336C48 /* [CP] Check Pods Manifest.lock */ = {
			isa = PBXShellScriptBuildPhase;
			buildActionMask = 2147483647;
			files = (
			);
			inputFileListPaths = (
			);
			inputPaths = (
				"${PODS_PODFILE_DIR_PATH}/Podfile.lock",
				"${PODS_ROOT}/Manifest.lock",
			);
			name = "[CP] Check Pods Manifest.lock";
			outputFileListPaths = (
			);
			outputPaths = (
				"$(DERIVED_FILE_DIR)/Pods-NewsAPP-checkManifestLockResult.txt",
			);
			runOnlyForDeploymentPostprocessing = 0;
			shellPath = /bin/sh;
			shellScript = "diff \"${PODS_PODFILE_DIR_PATH}/Podfile.lock\" \"${PODS_ROOT}/Manifest.lock\" > /dev/null\nif [ $? != 0 ] ; then\n    # print error to STDERR\n    echo \"error: The sandbox is not in sync with the Podfile.lock. Run 'pod install' or update your CocoaPods installation.\" >&2\n    exit 1\nfi\n# This output is used by Xcode 'outputs' to avoid re-running this script phase.\necho \"SUCCESS\" > \"${SCRIPT_OUTPUT_FILE_0}\"\n";
			showEnvVarsInLog = 0;
		};
/* End PBXShellScriptBuildPhase section */

/* Begin PBXSourcesBuildPhase section */
		2134EEBA278A8AE300A5B24C /* Sources */ = {
			isa = PBXSourcesBuildPhase;
			buildActionMask = 2147483647;
			files = (
				2140292D2793C876004712AB /* ZPJListItem.m in Sources */,
				21819D3627C0BACE00C14F47 /* MyRecommendListItem.m in Sources */,
				2163A96927C2941B00ED8CFF /* ZPJTabBarController.m in Sources */,
				2163A97327C34FBC00ED8CFF /* ZPJHeader.m in Sources */,
				2196AAE42795ACC900C06FA8 /* ZPJVideoToolbar.m in Sources */,
				2134EF222791929300A5B24C /* ZPJNormalNewsCell.m in Sources */,
				21A0EB6927B6956600F30EE2 /* ZPJNewsPageVC.m in Sources */,
				2134EEC9278A8AE300A5B24C /* ZPJNewsVC.m in Sources */,
				219CD3BD279C56C800FB0759 /* ZPJVideoListItem.m in Sources */,
				214029322794493F004712AB /* ZPJVideoCell.m in Sources */,
				219D706527A663550025AFC0 /* ZPJLocation.m in Sources */,
				2134EF2D2792A30000A5B24C /* ZPJDeleteView.m in Sources */,
				2134EF2A279264EE00A5B24C /* ZPJNewsDetailVC.m in Sources */,
				2134EF382792E83600A5B24C /* ZPJMineVC.m in Sources */,
				21819D3C27C0BB9C00C14F47 /* ZPJRecommendCell.m in Sources */,
				2163A97927C3AC1500ED8CFF /* ZPJRecommendDetailView.m in Sources */,
				21819D4527C0BEEF00C14F47 /* ZPJRecommendVC.m in Sources */,
				2134EEC3278A8AE300A5B24C /* AppDelegate.m in Sources */,
				21819D3F27C0BC0000C14F47 /* ZPJRecommendLayout.m in Sources */,
				2134EED4278A8AE600A5B24C /* main.m in Sources */,
				2196AB1F2798FFB200C06FA8 /* ZPJFlowLayout.m in Sources */,
				219CD3B4279AFDD500FB0759 /* ZPJVideoListLoader.m in Sources */,
				21819D3927C0BB2000C14F47 /* MyRecommendListLoader.m in Sources */,
				2163A97C27C4A52500ED8CFF /* ZPJMultiPicNewsCell.m in Sources */,
				21A0EB3C27B0C7AA00F30EE2 /* ZPJSearchBar.m in Sources */,
				21A0EB6C27B8EDAC00F30EE2 /* ZPJVideoPageVC.m in Sources */,
				2196AAE127954ECF00C06FA8 /* ZPJVideoPlayer.m in Sources */,
				219D706827A6D0D80025AFC0 /* ZPJNotification.m in Sources */,
				2196AB1C2798FC9D00C06FA8 /* NSString+LabelSizeCalculator.m in Sources */,
				2134EF442792F88A00A5B24C /* ZPJListLoader.m in Sources */,
				21DE2B6427A29866006C742C /* ZPJSplashView.m in Sources */,
				2134EF1C27916C3A00A5B24C /* ZPJVideoVC.m in Sources */,
				2134EEC6278A8AE300A5B24C /* SceneDelegate.m in Sources */,
			);
			runOnlyForDeploymentPostprocessing = 0;
		};
/* End PBXSourcesBuildPhase section */

/* Begin PBXVariantGroup section */
		2134EECF278A8AE600A5B24C /* LaunchScreen.storyboard */ = {
			isa = PBXVariantGroup;
			children = (
				2134EED0278A8AE600A5B24C /* Base */,
			);
			name = LaunchScreen.storyboard;
			sourceTree = "<group>";
		};
/* End PBXVariantGroup section */

/* Begin XCBuildConfiguration section */
		2134EED5278A8AE600A5B24C /* Debug */ = {
			isa = XCBuildConfiguration;
			buildSettings = {
				ALWAYS_SEARCH_USER_PATHS = NO;
				CLANG_ANALYZER_NONNULL = YES;
				CLANG_ANALYZER_NUMBER_OBJECT_CONVERSION = YES_AGGRESSIVE;
				CLANG_CXX_LANGUAGE_STANDARD = "gnu++17";
				CLANG_CXX_LIBRARY = "libc++";
				CLANG_ENABLE_MODULES = YES;
				CLANG_ENABLE_OBJC_ARC = YES;
				CLANG_ENABLE_OBJC_WEAK = YES;
				CLANG_WARN_BLOCK_CAPTURE_AUTORELEASING = YES;
				CLANG_WARN_BOOL_CONVERSION = YES;
				CLANG_WARN_COMMA = YES;
				CLANG_WARN_CONSTANT_CONVERSION = YES;
				CLANG_WARN_DEPRECATED_OBJC_IMPLEMENTATIONS = YES;
				CLANG_WARN_DIRECT_OBJC_ISA_USAGE = YES_ERROR;
				CLANG_WARN_DOCUMENTATION_COMMENTS = YES;
				CLANG_WARN_EMPTY_BODY = YES;
				CLANG_WARN_ENUM_CONVERSION = YES;
				CLANG_WARN_INFINITE_RECURSION = YES;
				CLANG_WARN_INT_CONVERSION = YES;
				CLANG_WARN_NON_LITERAL_NULL_CONVERSION = YES;
				CLANG_WARN_OBJC_IMPLICIT_RETAIN_SELF = YES;
				CLANG_WARN_OBJC_LITERAL_CONVERSION = YES;
				CLANG_WARN_OBJC_ROOT_CLASS = YES_ERROR;
				CLANG_WARN_QUOTED_INCLUDE_IN_FRAMEWORK_HEADER = YES;
				CLANG_WARN_RANGE_LOOP_ANALYSIS = YES;
				CLANG_WARN_STRICT_PROTOTYPES = YES;
				CLANG_WARN_SUSPICIOUS_MOVE = YES;
				CLANG_WARN_UNGUARDED_AVAILABILITY = YES_AGGRESSIVE;
				CLANG_WARN_UNREACHABLE_CODE = YES;
				CLANG_WARN__DUPLICATE_METHOD_MATCH = YES;
				COPY_PHASE_STRIP = NO;
				DEBUG_INFORMATION_FORMAT = dwarf;
				ENABLE_STRICT_OBJC_MSGSEND = YES;
				ENABLE_TESTABILITY = YES;
				GCC_C_LANGUAGE_STANDARD = gnu11;
				GCC_DYNAMIC_NO_PIC = NO;
				GCC_NO_COMMON_BLOCKS = YES;
				GCC_OPTIMIZATION_LEVEL = 0;
				GCC_PREPROCESSOR_DEFINITIONS = (
					"DEBUG=1",
					"$(inherited)",
				);
				GCC_WARN_64_TO_32_BIT_CONVERSION = YES;
				GCC_WARN_ABOUT_RETURN_TYPE = YES_ERROR;
				GCC_WARN_UNDECLARED_SELECTOR = YES;
				GCC_WARN_UNINITIALIZED_AUTOS = YES_AGGRESSIVE;
				GCC_WARN_UNUSED_FUNCTION = YES;
				GCC_WARN_UNUSED_VARIABLE = YES;
				IPHONEOS_DEPLOYMENT_TARGET = 15.0;
				MTL_ENABLE_DEBUG_INFO = INCLUDE_SOURCE;
				MTL_FAST_MATH = YES;
				ONLY_ACTIVE_ARCH = YES;
				SDKROOT = iphoneos;
			};
			name = Debug;
		};
		2134EED6278A8AE600A5B24C /* Release */ = {
			isa = XCBuildConfiguration;
			buildSettings = {
				ALWAYS_SEARCH_USER_PATHS = NO;
				CLANG_ANALYZER_NONNULL = YES;
				CLANG_ANALYZER_NUMBER_OBJECT_CONVERSION = YES_AGGRESSIVE;
				CLANG_CXX_LANGUAGE_STANDARD = "gnu++17";
				CLANG_CXX_LIBRARY = "libc++";
				CLANG_ENABLE_MODULES = YES;
				CLANG_ENABLE_OBJC_ARC = YES;
				CLANG_ENABLE_OBJC_WEAK = YES;
				CLANG_WARN_BLOCK_CAPTURE_AUTORELEASING = YES;
				CLANG_WARN_BOOL_CONVERSION = YES;
				CLANG_WARN_COMMA = YES;
				CLANG_WARN_CONSTANT_CONVERSION = YES;
				CLANG_WARN_DEPRECATED_OBJC_IMPLEMENTATIONS = YES;
				CLANG_WARN_DIRECT_OBJC_ISA_USAGE = YES_ERROR;
				CLANG_WARN_DOCUMENTATION_COMMENTS = YES;
				CLANG_WARN_EMPTY_BODY = YES;
				CLANG_WARN_ENUM_CONVERSION = YES;
				CLANG_WARN_INFINITE_RECURSION = YES;
				CLANG_WARN_INT_CONVERSION = YES;
				CLANG_WARN_NON_LITERAL_NULL_CONVERSION = YES;
				CLANG_WARN_OBJC_IMPLICIT_RETAIN_SELF = YES;
				CLANG_WARN_OBJC_LITERAL_CONVERSION = YES;
				CLANG_WARN_OBJC_ROOT_CLASS = YES_ERROR;
				CLANG_WARN_QUOTED_INCLUDE_IN_FRAMEWORK_HEADER = YES;
				CLANG_WARN_RANGE_LOOP_ANALYSIS = YES;
				CLANG_WARN_STRICT_PROTOTYPES = YES;
				CLANG_WARN_SUSPICIOUS_MOVE = YES;
				CLANG_WARN_UNGUARDED_AVAILABILITY = YES_AGGRESSIVE;
				CLANG_WARN_UNREACHABLE_CODE = YES;
				CLANG_WARN__DUPLICATE_METHOD_MATCH = YES;
				COPY_PHASE_STRIP = NO;
				DEBUG_INFORMATION_FORMAT = "dwarf-with-dsym";
				ENABLE_NS_ASSERTIONS = NO;
				ENABLE_STRICT_OBJC_MSGSEND = YES;
				GCC_C_LANGUAGE_STANDARD = gnu11;
				GCC_NO_COMMON_BLOCKS = YES;
				GCC_WARN_64_TO_32_BIT_CONVERSION = YES;
				GCC_WARN_ABOUT_RETURN_TYPE = YES_ERROR;
				GCC_WARN_UNDECLARED_SELECTOR = YES;
				GCC_WARN_UNINITIALIZED_AUTOS = YES_AGGRESSIVE;
				GCC_WARN_UNUSED_FUNCTION = YES;
				GCC_WARN_UNUSED_VARIABLE = YES;
				IPHONEOS_DEPLOYMENT_TARGET = 15.0;
				MTL_ENABLE_DEBUG_INFO = NO;
				MTL_FAST_MATH = YES;
				SDKROOT = iphoneos;
				VALIDATE_PRODUCT = YES;
			};
			name = Release;
		};
		2134EED8278A8AE600A5B24C /* Debug */ = {
			isa = XCBuildConfiguration;
			baseConfigurationReference = B6DFA0BB8C1D4F988E11C9A4 /* Pods-NewsAPP.debug.xcconfig */;
			buildSettings = {
				ASSETCATALOG_COMPILER_APPICON_NAME = AppIcon;
				ASSETCATALOG_COMPILER_GLOBAL_ACCENT_COLOR_NAME = AccentColor;
				CODE_SIGN_STYLE = Automatic;
				CURRENT_PROJECT_VERSION = 1;
				GENERATE_INFOPLIST_FILE = YES;
				INFOPLIST_FILE = NewsAPP/Info.plist;
				INFOPLIST_KEY_UIApplicationSupportsIndirectInputEvents = YES;
				INFOPLIST_KEY_UILaunchStoryboardName = LaunchScreen;
				INFOPLIST_KEY_UISupportedInterfaceOrientations_iPad = "UIInterfaceOrientationPortrait UIInterfaceOrientationPortraitUpsideDown UIInterfaceOrientationLandscapeLeft UIInterfaceOrientationLandscapeRight";
				INFOPLIST_KEY_UISupportedInterfaceOrientations_iPhone = "UIInterfaceOrientationPortrait UIInterfaceOrientationLandscapeLeft UIInterfaceOrientationLandscapeRight";
				LD_RUNPATH_SEARCH_PATHS = (
					"$(inherited)",
					"@executable_path/Frameworks",
				);
				MARKETING_VERSION = 1.0;
				PRODUCT_BUNDLE_IDENTIFIER = org.peyet.ios.NewsAPP;
				PRODUCT_NAME = "$(TARGET_NAME)";
				SWIFT_EMIT_LOC_STRINGS = YES;
				TARGETED_DEVICE_FAMILY = "1,2";
			};
			name = Debug;
		};
		2134EED9278A8AE600A5B24C /* Release */ = {
			isa = XCBuildConfiguration;
			baseConfigurationReference = FE993D6D18BB1DBC3136FF5F /* Pods-NewsAPP.release.xcconfig */;
			buildSettings = {
				ASSETCATALOG_COMPILER_APPICON_NAME = AppIcon;
				ASSETCATALOG_COMPILER_GLOBAL_ACCENT_COLOR_NAME = AccentColor;
				CODE_SIGN_STYLE = Automatic;
				CURRENT_PROJECT_VERSION = 1;
				GENERATE_INFOPLIST_FILE = YES;
				INFOPLIST_FILE = NewsAPP/Info.plist;
				INFOPLIST_KEY_UIApplicationSupportsIndirectInputEvents = YES;
				INFOPLIST_KEY_UILaunchStoryboardName = LaunchScreen;
				INFOPLIST_KEY_UISupportedInterfaceOrientations_iPad = "UIInterfaceOrientationPortrait UIInterfaceOrientationPortraitUpsideDown UIInterfaceOrientationLandscapeLeft UIInterfaceOrientationLandscapeRight";
				INFOPLIST_KEY_UISupportedInterfaceOrientations_iPhone = "UIInterfaceOrientationPortrait UIInterfaceOrientationLandscapeLeft UIInterfaceOrientationLandscapeRight";
				LD_RUNPATH_SEARCH_PATHS = (
					"$(inherited)",
					"@executable_path/Frameworks",
				);
				MARKETING_VERSION = 1.0;
				PRODUCT_BUNDLE_IDENTIFIER = org.peyet.ios.NewsAPP;
				PRODUCT_NAME = "$(TARGET_NAME)";
				SWIFT_EMIT_LOC_STRINGS = YES;
				TARGETED_DEVICE_FAMILY = "1,2";
			};
			name = Release;
		};
/* End XCBuildConfiguration section */

/* Begin XCConfigurationList section */
		2134EEB9278A8AE300A5B24C /* Build configuration list for PBXProject "NewsAPP" */ = {
			isa = XCConfigurationList;
			buildConfigurations = (
				2134EED5278A8AE600A5B24C /* Debug */,
				2134EED6278A8AE600A5B24C /* Release */,
			);
			defaultConfigurationIsVisible = 0;
			defaultConfigurationName = Release;
		};
		2134EED7278A8AE600A5B24C /* Build configuration list for PBXNativeTarget "NewsAPP" */ = {
			isa = XCConfigurationList;
			buildConfigurations = (
				2134EED8278A8AE600A5B24C /* Debug */,
				2134EED9278A8AE600A5B24C /* Release */,
			);
			defaultConfigurationIsVisible = 0;
			defaultConfigurationName = Release;
		};
/* End XCConfigurationList section */
	};
	rootObject = 2134EEB6278A8AE300A5B24C /* Project object */;
}
