// !$*UTF8*$!
{
	archiveVersion = 1;
	classes = {
	};
	objectVersion = 55;
	objects = {

/* Begin PBXBuildFile section */
		2134EEC3278A8AE300A5B24C /* AppDelegate.m in Sources */ = {isa = PBXBuildFile; fileRef = 2134EEC2278A8AE300A5B24C /* AppDelegate.m */; };
		2134EEC6278A8AE300A5B24C /* SceneDelegate.m in Sources */ = {isa = PBXBuildFile; fileRef = 2134EEC5278A8AE300A5B24C /* SceneDelegate.m */; };
		2134EEC9278A8AE300A5B24C /* MyNewsViewController.m in Sources */ = {isa = PBXBuildFile; fileRef = 2134EEC8278A8AE300A5B24C /* MyNewsViewController.m */; };
		2134EECE278A8AE600A5B24C /* Assets.xcassets in Resources */ = {isa = PBXBuildFile; fileRef = 2134EECD278A8AE600A5B24C /* Assets.xcassets */; };
		2134EED1278A8AE600A5B24C /* LaunchScreen.storyboard in Resources */ = {isa = PBXBuildFile; fileRef = 2134EECF278A8AE600A5B24C /* LaunchScreen.storyboard */; };
		2134EED4278A8AE600A5B24C /* main.m in Sources */ = {isa = PBXBuildFile; fileRef = 2134EED3278A8AE600A5B24C /* main.m */; };
		2134EF0F279162A700A5B24C /* like_selected@2x.png in Resources */ = {isa = PBXBuildFile; fileRef = 2134EF07279162A700A5B24C /* like_selected@2x.png */; };
		2134EF10279162A800A5B24C /* video@2x.png in Resources */ = {isa = PBXBuildFile; fileRef = 2134EF08279162A700A5B24C /* video@2x.png */; };
		2134EF11279162A800A5B24C /* page_selected@2x.png in Resources */ = {isa = PBXBuildFile; fileRef = 2134EF09279162A700A5B24C /* page_selected@2x.png */; };
		2134EF12279162A800A5B24C /* page@2x.png in Resources */ = {isa = PBXBuildFile; fileRef = 2134EF0A279162A700A5B24C /* page@2x.png */; };
		2134EF13279162A800A5B24C /* video_selected@2x.png in Resources */ = {isa = PBXBuildFile; fileRef = 2134EF0B279162A700A5B24C /* video_selected@2x.png */; };
		2134EF14279162A800A5B24C /* home_selected@2x.png in Resources */ = {isa = PBXBuildFile; fileRef = 2134EF0C279162A700A5B24C /* home_selected@2x.png */; };
		2134EF15279162A800A5B24C /* like@2x.png in Resources */ = {isa = PBXBuildFile; fileRef = 2134EF0D279162A700A5B24C /* like@2x.png */; };
		2134EF16279162A800A5B24C /* home@2x.png in Resources */ = {isa = PBXBuildFile; fileRef = 2134EF0E279162A700A5B24C /* home@2x.png */; };
		2134EF1C27916C3A00A5B24C /* MyVideoViewController.m in Sources */ = {isa = PBXBuildFile; fileRef = 2134EF1B27916C3A00A5B24C /* MyVideoViewController.m */; };
		2134EF1F2791889300A5B24C /* MyRecommendViewController.m in Sources */ = {isa = PBXBuildFile; fileRef = 2134EF1E2791889300A5B24C /* MyRecommendViewController.m */; };
		2134EF222791929300A5B24C /* MyNormalTableViewCell.m in Sources */ = {isa = PBXBuildFile; fileRef = 2134EF212791929300A5B24C /* MyNormalTableViewCell.m */; };
		2134EF242792586B00A5B24C /* aaa.png in Resources */ = {isa = PBXBuildFile; fileRef = 2134EF232792586B00A5B24C /* aaa.png */; };
		2134EF2A279264EE00A5B24C /* MyDetailViewController.m in Sources */ = {isa = PBXBuildFile; fileRef = 2134EF29279264EE00A5B24C /* MyDetailViewController.m */; };
		2134EF2D2792A30000A5B24C /* MyDeleteCellView.m in Sources */ = {isa = PBXBuildFile; fileRef = 2134EF2C2792A30000A5B24C /* MyDeleteCellView.m */; };
		2134EF382792E83600A5B24C /* MyMineViewController.m in Sources */ = {isa = PBXBuildFile; fileRef = 2134EF372792E83600A5B24C /* MyMineViewController.m */; };
		2134EF442792F88A00A5B24C /* MyListLoader.m in Sources */ = {isa = PBXBuildFile; fileRef = 2134EF432792F88A00A5B24C /* MyListLoader.m */; };
		2140292D2793C876004712AB /* MyListItem.m in Sources */ = {isa = PBXBuildFile; fileRef = 2140292C2793C876004712AB /* MyListItem.m */; };
		2140292F279433F2004712AB /* placeholder_image.png in Resources */ = {isa = PBXBuildFile; fileRef = 2140292E279433F2004712AB /* placeholder_image.png */; };
		214029322794493F004712AB /* MyVideoCoverView.m in Sources */ = {isa = PBXBuildFile; fileRef = 214029312794493F004712AB /* MyVideoCoverView.m */; };
		2196AAE127954ECF00C06FA8 /* MyVideoPlayer.m in Sources */ = {isa = PBXBuildFile; fileRef = 2196AAE027954ECF00C06FA8 /* MyVideoPlayer.m */; };
		2196AAE42795ACC900C06FA8 /* MyVideoToolbar.m in Sources */ = {isa = PBXBuildFile; fileRef = 2196AAE32795ACC900C06FA8 /* MyVideoToolbar.m */; };
		2196AB1C2798FC9D00C06FA8 /* NSString+LabelSizeCalculator.m in Sources */ = {isa = PBXBuildFile; fileRef = 2196AB1B2798FC9D00C06FA8 /* NSString+LabelSizeCalculator.m */; };
		2196AB1F2798FFB200C06FA8 /* MyFlowLayout.m in Sources */ = {isa = PBXBuildFile; fileRef = 2196AB1E2798FFB200C06FA8 /* MyFlowLayout.m */; };
		2196AB23279A475E00C06FA8 /* toPlay.png in Resources */ = {isa = PBXBuildFile; fileRef = 2196AB22279A475E00C06FA8 /* toPlay.png */; };
		2196AB27279A700200C06FA8 /* 屏蔽.png in Resources */ = {isa = PBXBuildFile; fileRef = 2196AB24279A700100C06FA8 /* 屏蔽.png */; };
		2196AB28279A700200C06FA8 /* 不感兴趣.png in Resources */ = {isa = PBXBuildFile; fileRef = 2196AB25279A700100C06FA8 /* 不感兴趣.png */; };
		2196AB29279A700200C06FA8 /* 举报.png in Resources */ = {isa = PBXBuildFile; fileRef = 2196AB26279A700200C06FA8 /* 举报.png */; };
		219CD3B4279AFDD500FB0759 /* MyVideoListLoader.m in Sources */ = {isa = PBXBuildFile; fileRef = 219CD3B3279AFDD500FB0759 /* MyVideoListLoader.m */; };
		219CD3BD279C56C800FB0759 /* MyVideoListItem.m in Sources */ = {isa = PBXBuildFile; fileRef = 219CD3BC279C56C800FB0759 /* MyVideoListItem.m */; };
		219D706527A663550025AFC0 /* MyLocation.m in Sources */ = {isa = PBXBuildFile; fileRef = 219D706427A663550025AFC0 /* MyLocation.m */; };
		219D706827A6D0D80025AFC0 /* MyNotification.m in Sources */ = {isa = PBXBuildFile; fileRef = 219D706727A6D0D70025AFC0 /* MyNotification.m */; };
		21A0EB3C27B0C7AA00F30EE2 /* MySearchBar.m in Sources */ = {isa = PBXBuildFile; fileRef = 21A0EB3B27B0C7AA00F30EE2 /* MySearchBar.m */; };
		21A0EB3E27B6438800F30EE2 /* NewsApp.png in Resources */ = {isa = PBXBuildFile; fileRef = 21A0EB3D27B6438800F30EE2 /* NewsApp.png */; };
		21A0EB6927B6956600F30EE2 /* MyNewsPageViewController.m in Sources */ = {isa = PBXBuildFile; fileRef = 21A0EB6827B6956600F30EE2 /* MyNewsPageViewController.m */; };
		21A0EB6C27B8EDAC00F30EE2 /* MyVideoPageViewController.m in Sources */ = {isa = PBXBuildFile; fileRef = 21A0EB6B27B8EDAC00F30EE2 /* MyVideoPageViewController.m */; };
		21DE2B6427A29866006C742C /* MySplashView.m in Sources */ = {isa = PBXBuildFile; fileRef = 21DE2B6327A29866006C742C /* MySplashView.m */; };
		21DE2B6827A2A1B3006C742C /* Splash@x4.jpg in Resources */ = {isa = PBXBuildFile; fileRef = 21DE2B6727A2A1B3006C742C /* Splash@x4.jpg */; };
		8CC034AE46BB861FF84AA58B /* libPods-NewsAPP.a in Frameworks */ = {isa = PBXBuildFile; fileRef = 64EC15F34A90107CF267E195 /* libPods-NewsAPP.a */; };
/* End PBXBuildFile section */

/* Begin PBXFileReference section */
		2134EEBE278A8AE300A5B24C /* NewsAPP.app */ = {isa = PBXFileReference; explicitFileType = wrapper.application; includeInIndex = 0; path = NewsAPP.app; sourceTree = BUILT_PRODUCTS_DIR; };
		2134EEC1278A8AE300A5B24C /* AppDelegate.h */ = {isa = PBXFileReference; lastKnownFileType = sourcecode.c.h; path = AppDelegate.h; sourceTree = "<group>"; };
		2134EEC2278A8AE300A5B24C /* AppDelegate.m */ = {isa = PBXFileReference; lastKnownFileType = sourcecode.c.objc; path = AppDelegate.m; sourceTree = "<group>"; };
		2134EEC4278A8AE300A5B24C /* SceneDelegate.h */ = {isa = PBXFileReference; lastKnownFileType = sourcecode.c.h; path = SceneDelegate.h; sourceTree = "<group>"; };
		2134EEC5278A8AE300A5B24C /* SceneDelegate.m */ = {isa = PBXFileReference; lastKnownFileType = sourcecode.c.objc; path = SceneDelegate.m; sourceTree = "<group>"; };
		2134EEC7278A8AE300A5B24C /* MyNewsViewController.h */ = {isa = PBXFileReference; lastKnownFileType = sourcecode.c.h; path = MyNewsViewController.h; sourceTree = "<group>"; };
		2134EEC8278A8AE300A5B24C /* MyNewsViewController.m */ = {isa = PBXFileReference; lastKnownFileType = sourcecode.c.objc; path = MyNewsViewController.m; sourceTree = "<group>"; };
		2134EECD278A8AE600A5B24C /* Assets.xcassets */ = {isa = PBXFileReference; lastKnownFileType = folder.assetcatalog; path = Assets.xcassets; sourceTree = "<group>"; };
		2134EED0278A8AE600A5B24C /* Base */ = {isa = PBXFileReference; lastKnownFileType = file.storyboard; name = Base; path = Base.lproj/LaunchScreen.storyboard; sourceTree = "<group>"; };
		2134EED2278A8AE600A5B24C /* Info.plist */ = {isa = PBXFileReference; lastKnownFileType = text.plist.xml; path = Info.plist; sourceTree = "<group>"; };
		2134EED3278A8AE600A5B24C /* main.m */ = {isa = PBXFileReference; lastKnownFileType = sourcecode.c.objc; path = main.m; sourceTree = "<group>"; };
		2134EF07279162A700A5B24C /* like_selected@2x.png */ = {isa = PBXFileReference; lastKnownFileType = image.png; path = "like_selected@2x.png"; sourceTree = "<group>"; };
		2134EF08279162A700A5B24C /* video@2x.png */ = {isa = PBXFileReference; lastKnownFileType = image.png; path = "video@2x.png"; sourceTree = "<group>"; };
		2134EF09279162A700A5B24C /* page_selected@2x.png */ = {isa = PBXFileReference; lastKnownFileType = image.png; path = "page_selected@2x.png"; sourceTree = "<group>"; };
		2134EF0A279162A700A5B24C /* page@2x.png */ = {isa = PBXFileReference; lastKnownFileType = image.png; path = "page@2x.png"; sourceTree = "<group>"; };
		2134EF0B279162A700A5B24C /* video_selected@2x.png */ = {isa = PBXFileReference; lastKnownFileType = image.png; path = "video_selected@2x.png"; sourceTree = "<group>"; };
		2134EF0C279162A700A5B24C /* home_selected@2x.png */ = {isa = PBXFileReference; lastKnownFileType = image.png; path = "home_selected@2x.png"; sourceTree = "<group>"; };
		2134EF0D279162A700A5B24C /* like@2x.png */ = {isa = PBXFileReference; lastKnownFileType = image.png; path = "like@2x.png"; sourceTree = "<group>"; };
		2134EF0E279162A700A5B24C /* home@2x.png */ = {isa = PBXFileReference; lastKnownFileType = image.png; path = "home@2x.png"; sourceTree = "<group>"; };
		2134EF1A27916C3A00A5B24C /* MyVideoViewController.h */ = {isa = PBXFileReference; lastKnownFileType = sourcecode.c.h; path = MyVideoViewController.h; sourceTree = "<group>"; };
		2134EF1B27916C3A00A5B24C /* MyVideoViewController.m */ = {isa = PBXFileReference; lastKnownFileType = sourcecode.c.objc; path = MyVideoViewController.m; sourceTree = "<group>"; };
		2134EF1D2791889300A5B24C /* MyRecommendViewController.h */ = {isa = PBXFileReference; lastKnownFileType = sourcecode.c.h; path = MyRecommendViewController.h; sourceTree = "<group>"; };
		2134EF1E2791889300A5B24C /* MyRecommendViewController.m */ = {isa = PBXFileReference; lastKnownFileType = sourcecode.c.objc; path = MyRecommendViewController.m; sourceTree = "<group>"; };
		2134EF202791929300A5B24C /* MyNormalTableViewCell.h */ = {isa = PBXFileReference; lastKnownFileType = sourcecode.c.h; path = MyNormalTableViewCell.h; sourceTree = "<group>"; };
		2134EF212791929300A5B24C /* MyNormalTableViewCell.m */ = {isa = PBXFileReference; lastKnownFileType = sourcecode.c.objc; path = MyNormalTableViewCell.m; sourceTree = "<group>"; };
		2134EF232792586B00A5B24C /* aaa.png */ = {isa = PBXFileReference; lastKnownFileType = image.png; path = aaa.png; sourceTree = "<group>"; };
		2134EF28279264EE00A5B24C /* MyDetailViewController.h */ = {isa = PBXFileReference; lastKnownFileType = sourcecode.c.h; path = MyDetailViewController.h; sourceTree = "<group>"; };
		2134EF29279264EE00A5B24C /* MyDetailViewController.m */ = {isa = PBXFileReference; lastKnownFileType = sourcecode.c.objc; path = MyDetailViewController.m; sourceTree = "<group>"; };
		2134EF2B2792A30000A5B24C /* MyDeleteCellView.h */ = {isa = PBXFileReference; lastKnownFileType = sourcecode.c.h; path = MyDeleteCellView.h; sourceTree = "<group>"; };
		2134EF2C2792A30000A5B24C /* MyDeleteCellView.m */ = {isa = PBXFileReference; lastKnownFileType = sourcecode.c.objc; path = MyDeleteCellView.m; sourceTree = "<group>"; };
		2134EF362792E83600A5B24C /* MyMineViewController.h */ = {isa = PBXFileReference; lastKnownFileType = sourcecode.c.h; path = MyMineViewController.h; sourceTree = "<group>"; };
		2134EF372792E83600A5B24C /* MyMineViewController.m */ = {isa = PBXFileReference; lastKnownFileType = sourcecode.c.objc; path = MyMineViewController.m; sourceTree = "<group>"; };
		2134EF422792F88A00A5B24C /* MyListLoader.h */ = {isa = PBXFileReference; lastKnownFileType = sourcecode.c.h; path = MyListLoader.h; sourceTree = "<group>"; };
		2134EF432792F88A00A5B24C /* MyListLoader.m */ = {isa = PBXFileReference; lastKnownFileType = sourcecode.c.objc; path = MyListLoader.m; sourceTree = "<group>"; };
		2140292B2793C876004712AB /* MyListItem.h */ = {isa = PBXFileReference; lastKnownFileType = sourcecode.c.h; path = MyListItem.h; sourceTree = "<group>"; };
		2140292C2793C876004712AB /* MyListItem.m */ = {isa = PBXFileReference; lastKnownFileType = sourcecode.c.objc; path = MyListItem.m; sourceTree = "<group>"; };
		2140292E279433F2004712AB /* placeholder_image.png */ = {isa = PBXFileReference; lastKnownFileType = image.png; path = placeholder_image.png; sourceTree = "<group>"; };
		214029302794493F004712AB /* MyVideoCoverView.h */ = {isa = PBXFileReference; lastKnownFileType = sourcecode.c.h; path = MyVideoCoverView.h; sourceTree = "<group>"; };
		214029312794493F004712AB /* MyVideoCoverView.m */ = {isa = PBXFileReference; lastKnownFileType = sourcecode.c.objc; path = MyVideoCoverView.m; sourceTree = "<group>"; };
		2196AADF27954ECF00C06FA8 /* MyVideoPlayer.h */ = {isa = PBXFileReference; lastKnownFileType = sourcecode.c.h; path = MyVideoPlayer.h; sourceTree = "<group>"; };
		2196AAE027954ECF00C06FA8 /* MyVideoPlayer.m */ = {isa = PBXFileReference; lastKnownFileType = sourcecode.c.objc; path = MyVideoPlayer.m; sourceTree = "<group>"; };
		2196AAE22795ACC900C06FA8 /* MyVideoToolbar.h */ = {isa = PBXFileReference; lastKnownFileType = sourcecode.c.h; path = MyVideoToolbar.h; sourceTree = "<group>"; };
		2196AAE32795ACC900C06FA8 /* MyVideoToolbar.m */ = {isa = PBXFileReference; lastKnownFileType = sourcecode.c.objc; path = MyVideoToolbar.m; sourceTree = "<group>"; };
		2196AB1A2798FC9D00C06FA8 /* NSString+LabelSizeCalculator.h */ = {isa = PBXFileReference; lastKnownFileType = sourcecode.c.h; path = "NSString+LabelSizeCalculator.h"; sourceTree = "<group>"; };
		2196AB1B2798FC9D00C06FA8 /* NSString+LabelSizeCalculator.m */ = {isa = PBXFileReference; lastKnownFileType = sourcecode.c.objc; path = "NSString+LabelSizeCalculator.m"; sourceTree = "<group>"; };
		2196AB1D2798FFB200C06FA8 /* MyFlowLayout.h */ = {isa = PBXFileReference; lastKnownFileType = sourcecode.c.h; path = MyFlowLayout.h; sourceTree = "<group>"; };
		2196AB1E2798FFB200C06FA8 /* MyFlowLayout.m */ = {isa = PBXFileReference; lastKnownFileType = sourcecode.c.objc; path = MyFlowLayout.m; sourceTree = "<group>"; };
		2196AB22279A475E00C06FA8 /* toPlay.png */ = {isa = PBXFileReference; lastKnownFileType = image.png; path = toPlay.png; sourceTree = "<group>"; };
		2196AB24279A700100C06FA8 /* 屏蔽.png */ = {isa = PBXFileReference; lastKnownFileType = image.png; path = "屏蔽.png"; sourceTree = "<group>"; };
		2196AB25279A700100C06FA8 /* 不感兴趣.png */ = {isa = PBXFileReference; lastKnownFileType = image.png; path = "不感兴趣.png"; sourceTree = "<group>"; };
		2196AB26279A700200C06FA8 /* 举报.png */ = {isa = PBXFileReference; lastKnownFileType = image.png; path = "举报.png"; sourceTree = "<group>"; };
		219CD3B2279AFDD500FB0759 /* MyVideoListLoader.h */ = {isa = PBXFileReference; lastKnownFileType = sourcecode.c.h; path = MyVideoListLoader.h; sourceTree = "<group>"; };
		219CD3B3279AFDD500FB0759 /* MyVideoListLoader.m */ = {isa = PBXFileReference; lastKnownFileType = sourcecode.c.objc; path = MyVideoListLoader.m; sourceTree = "<group>"; };
		219CD3BB279C56C800FB0759 /* MyVideoListItem.h */ = {isa = PBXFileReference; lastKnownFileType = sourcecode.c.h; path = MyVideoListItem.h; sourceTree = "<group>"; };
		219CD3BC279C56C800FB0759 /* MyVideoListItem.m */ = {isa = PBXFileReference; lastKnownFileType = sourcecode.c.objc; path = MyVideoListItem.m; sourceTree = "<group>"; };
		219D706327A663550025AFC0 /* MyLocation.h */ = {isa = PBXFileReference; lastKnownFileType = sourcecode.c.h; path = MyLocation.h; sourceTree = "<group>"; };
		219D706427A663550025AFC0 /* MyLocation.m */ = {isa = PBXFileReference; lastKnownFileType = sourcecode.c.objc; path = MyLocation.m; sourceTree = "<group>"; };
		219D706627A6D0D70025AFC0 /* MyNotification.h */ = {isa = PBXFileReference; lastKnownFileType = sourcecode.c.h; path = MyNotification.h; sourceTree = "<group>"; };
		219D706727A6D0D70025AFC0 /* MyNotification.m */ = {isa = PBXFileReference; lastKnownFileType = sourcecode.c.objc; path = MyNotification.m; sourceTree = "<group>"; };
		21A0EB3A27B0C7AA00F30EE2 /* MySearchBar.h */ = {isa = PBXFileReference; lastKnownFileType = sourcecode.c.h; path = MySearchBar.h; sourceTree = "<group>"; };
		21A0EB3B27B0C7AA00F30EE2 /* MySearchBar.m */ = {isa = PBXFileReference; lastKnownFileType = sourcecode.c.objc; path = MySearchBar.m; sourceTree = "<group>"; };
		21A0EB3D27B6438800F30EE2 /* NewsApp.png */ = {isa = PBXFileReference; lastKnownFileType = image.png; path = NewsApp.png; sourceTree = "<group>"; };
		21A0EB6727B6956600F30EE2 /* MyNewsPageViewController.h */ = {isa = PBXFileReference; lastKnownFileType = sourcecode.c.h; path = MyNewsPageViewController.h; sourceTree = "<group>"; };
		21A0EB6827B6956600F30EE2 /* MyNewsPageViewController.m */ = {isa = PBXFileReference; lastKnownFileType = sourcecode.c.objc; path = MyNewsPageViewController.m; sourceTree = "<group>"; };
		21A0EB6A27B8EDAC00F30EE2 /* MyVideoPageViewController.h */ = {isa = PBXFileReference; lastKnownFileType = sourcecode.c.h; path = MyVideoPageViewController.h; sourceTree = "<group>"; };
		21A0EB6B27B8EDAC00F30EE2 /* MyVideoPageViewController.m */ = {isa = PBXFileReference; lastKnownFileType = sourcecode.c.objc; path = MyVideoPageViewController.m; sourceTree = "<group>"; };
		21DE2B6227A29866006C742C /* MySplashView.h */ = {isa = PBXFileReference; lastKnownFileType = sourcecode.c.h; path = MySplashView.h; sourceTree = "<group>"; };
		21DE2B6327A29866006C742C /* MySplashView.m */ = {isa = PBXFileReference; lastKnownFileType = sourcecode.c.objc; path = MySplashView.m; sourceTree = "<group>"; };
		21DE2B6727A2A1B3006C742C /* Splash@x4.jpg */ = {isa = PBXFileReference; lastKnownFileType = image.jpeg; path = "Splash@x4.jpg"; sourceTree = "<group>"; };
		64EC15F34A90107CF267E195 /* libPods-NewsAPP.a */ = {isa = PBXFileReference; explicitFileType = archive.ar; includeInIndex = 0; path = "libPods-NewsAPP.a"; sourceTree = BUILT_PRODUCTS_DIR; };
		B6DFA0BB8C1D4F988E11C9A4 /* Pods-NewsAPP.debug.xcconfig */ = {isa = PBXFileReference; includeInIndex = 1; lastKnownFileType = text.xcconfig; name = "Pods-NewsAPP.debug.xcconfig"; path = "Target Support Files/Pods-NewsAPP/Pods-NewsAPP.debug.xcconfig"; sourceTree = "<group>"; };
		FE993D6D18BB1DBC3136FF5F /* Pods-NewsAPP.release.xcconfig */ = {isa = PBXFileReference; includeInIndex = 1; lastKnownFileType = text.xcconfig; name = "Pods-NewsAPP.release.xcconfig"; path = "Target Support Files/Pods-NewsAPP/Pods-NewsAPP.release.xcconfig"; sourceTree = "<group>"; };
/* End PBXFileReference section */

/* Begin PBXFrameworksBuildPhase section */
		2134EEBB278A8AE300A5B24C /* Frameworks */ = {
			isa = PBXFrameworksBuildPhase;
			buildActionMask = 2147483647;
			files = (
				8CC034AE46BB861FF84AA58B /* libPods-NewsAPP.a in Frameworks */,
			);
			runOnlyForDeploymentPostprocessing = 0;
		};
/* End PBXFrameworksBuildPhase section */

/* Begin PBXGroup section */
		2134EEB5278A8AE300A5B24C = {
			isa = PBXGroup;
			children = (
				2134EEC0278A8AE300A5B24C /* NewsAPP */,
				2134EEBF278A8AE300A5B24C /* Products */,
				64F47E6EB8CB084589C9D349 /* Pods */,
				41190DF981BF77FC7C5F123B /* Frameworks */,
			);
			sourceTree = "<group>";
		};
		2134EEBF278A8AE300A5B24C /* Products */ = {
			isa = PBXGroup;
			children = (
				2134EEBE278A8AE300A5B24C /* NewsAPP.app */,
			);
			name = Products;
			sourceTree = "<group>";
		};
		2134EEC0278A8AE300A5B24C /* NewsAPP */ = {
			isa = PBXGroup;
			children = (
				2134EF2E2792E4F200A5B24C /* NewsController */,
				2134EF332792E5E700A5B24C /* VideoController */,
				2134EF342792E5F900A5B24C /* RecommendController */,
				2134EF352792E60700A5B24C /* MineController */,
				2134EEE02790702500A5B24C /* icon */,
				2134EEC1278A8AE300A5B24C /* AppDelegate.h */,
				2134EEC2278A8AE300A5B24C /* AppDelegate.m */,
				2134EEC4278A8AE300A5B24C /* SceneDelegate.h */,
				2134EEC5278A8AE300A5B24C /* SceneDelegate.m */,
				2134EECD278A8AE600A5B24C /* Assets.xcassets */,
				2134EECF278A8AE600A5B24C /* LaunchScreen.storyboard */,
				2134EED2278A8AE600A5B24C /* Info.plist */,
				2134EED3278A8AE600A5B24C /* main.m */,
				21DE2B6227A29866006C742C /* MySplashView.h */,
				21DE2B6327A29866006C742C /* MySplashView.m */,
				219D706327A663550025AFC0 /* MyLocation.h */,
				219D706427A663550025AFC0 /* MyLocation.m */,
				219D706627A6D0D70025AFC0 /* MyNotification.h */,
				219D706727A6D0D70025AFC0 /* MyNotification.m */,
			);
			path = NewsAPP;
			sourceTree = "<group>";
		};
		2134EEE02790702500A5B24C /* icon */ = {
			isa = PBXGroup;
			children = (
				21A0EB3D27B6438800F30EE2 /* NewsApp.png */,
				21DE2B6727A2A1B3006C742C /* Splash@x4.jpg */,
				2196AB25279A700100C06FA8 /* 不感兴趣.png */,
				2196AB26279A700200C06FA8 /* 举报.png */,
				2196AB24279A700100C06FA8 /* 屏蔽.png */,
				2196AB22279A475E00C06FA8 /* toPlay.png */,
				2140292E279433F2004712AB /* placeholder_image.png */,
				2134EF232792586B00A5B24C /* aaa.png */,
				2134EF0C279162A700A5B24C /* home_selected@2x.png */,
				2134EF0E279162A700A5B24C /* home@2x.png */,
				2134EF07279162A700A5B24C /* like_selected@2x.png */,
				2134EF0D279162A700A5B24C /* like@2x.png */,
				2134EF09279162A700A5B24C /* page_selected@2x.png */,
				2134EF0A279162A700A5B24C /* page@2x.png */,
				2134EF0B279162A700A5B24C /* video_selected@2x.png */,
				2134EF08279162A700A5B24C /* video@2x.png */,
			);
			path = icon;
			sourceTree = "<group>";
		};
		2134EF2E2792E4F200A5B24C /* NewsController */ = {
			isa = PBXGroup;
			children = (
				2134EF312792E5BC00A5B24C /* Model */,
				2134EF2F2792E58600A5B24C /* View */,
				2134EF302792E5B000A5B24C /* Controller */,
				2134EF322792E5C700A5B24C /* Detail */,
			);
			path = NewsController;
			sourceTree = "<group>";
		};
		2134EF2F2792E58600A5B24C /* View */ = {
			isa = PBXGroup;
			children = (
				2134EF202791929300A5B24C /* MyNormalTableViewCell.h */,
				2134EF212791929300A5B24C /* MyNormalTableViewCell.m */,
				2134EF2B2792A30000A5B24C /* MyDeleteCellView.h */,
				2134EF2C2792A30000A5B24C /* MyDeleteCellView.m */,
				21A0EB3A27B0C7AA00F30EE2 /* MySearchBar.h */,
				21A0EB3B27B0C7AA00F30EE2 /* MySearchBar.m */,
			);
			path = View;
			sourceTree = "<group>";
		};
		2134EF302792E5B000A5B24C /* Controller */ = {
			isa = PBXGroup;
			children = (
				2134EEC7278A8AE300A5B24C /* MyNewsViewController.h */,
				2134EEC8278A8AE300A5B24C /* MyNewsViewController.m */,
				21A0EB6727B6956600F30EE2 /* MyNewsPageViewController.h */,
				21A0EB6827B6956600F30EE2 /* MyNewsPageViewController.m */,
			);
			path = Controller;
			sourceTree = "<group>";
		};
		2134EF312792E5BC00A5B24C /* Model */ = {
			isa = PBXGroup;
			children = (
				2134EF422792F88A00A5B24C /* MyListLoader.h */,
				2134EF432792F88A00A5B24C /* MyListLoader.m */,
				2140292B2793C876004712AB /* MyListItem.h */,
				2140292C2793C876004712AB /* MyListItem.m */,
			);
			path = Model;
			sourceTree = "<group>";
		};
		2134EF322792E5C700A5B24C /* Detail */ = {
			isa = PBXGroup;
			children = (
				2134EF28279264EE00A5B24C /* MyDetailViewController.h */,
				2134EF29279264EE00A5B24C /* MyDetailViewController.m */,
			);
			path = Detail;
			sourceTree = "<group>";
		};
		2134EF332792E5E700A5B24C /* VideoController */ = {
			isa = PBXGroup;
			children = (
				2196AAE82796C9C300C06FA8 /* Tool */,
				2134EF3B2792EAF200A5B24C /* Model */,
				2134EF3A2792EAED00A5B24C /* View */,
				2134EF392792EADA00A5B24C /* Controller */,
			);
			path = VideoController;
			sourceTree = "<group>";
		};
		2134EF342792E5F900A5B24C /* RecommendController */ = {
			isa = PBXGroup;
			children = (
				2134EF3E2792EB0C00A5B24C /* Model */,
				2134EF3D2792EB0700A5B24C /* View */,
				2134EF3C2792EAFC00A5B24C /* Controller */,
			);
			path = RecommendController;
			sourceTree = "<group>";
		};
		2134EF352792E60700A5B24C /* MineController */ = {
			isa = PBXGroup;
			children = (
				2134EF412792EB2600A5B24C /* Model */,
				2134EF402792EB1F00A5B24C /* View */,
				2134EF3F2792EB1500A5B24C /* Controller */,
			);
			path = MineController;
			sourceTree = "<group>";
		};
		2134EF392792EADA00A5B24C /* Controller */ = {
			isa = PBXGroup;
			children = (
				2134EF1A27916C3A00A5B24C /* MyVideoViewController.h */,
				2134EF1B27916C3A00A5B24C /* MyVideoViewController.m */,
				21A0EB6A27B8EDAC00F30EE2 /* MyVideoPageViewController.h */,
				21A0EB6B27B8EDAC00F30EE2 /* MyVideoPageViewController.m */,
			);
			path = Controller;
			sourceTree = "<group>";
		};
		2134EF3A2792EAED00A5B24C /* View */ = {
			isa = PBXGroup;
			children = (
				214029302794493F004712AB /* MyVideoCoverView.h */,
				214029312794493F004712AB /* MyVideoCoverView.m */,
				2196AADF27954ECF00C06FA8 /* MyVideoPlayer.h */,
				2196AAE027954ECF00C06FA8 /* MyVideoPlayer.m */,
				2196AAE22795ACC900C06FA8 /* MyVideoToolbar.h */,
				2196AAE32795ACC900C06FA8 /* MyVideoToolbar.m */,
				2196AB1D2798FFB200C06FA8 /* MyFlowLayout.h */,
				2196AB1E2798FFB200C06FA8 /* MyFlowLayout.m */,
			);
			path = View;
			sourceTree = "<group>";
		};
		2134EF3B2792EAF200A5B24C /* Model */ = {
			isa = PBXGroup;
			children = (
				219CD3B2279AFDD500FB0759 /* MyVideoListLoader.h */,
				219CD3B3279AFDD500FB0759 /* MyVideoListLoader.m */,
				219CD3BB279C56C800FB0759 /* MyVideoListItem.h */,
				219CD3BC279C56C800FB0759 /* MyVideoListItem.m */,
			);
			path = Model;
			sourceTree = "<group>";
		};
		2134EF3C2792EAFC00A5B24C /* Controller */ = {
			isa = PBXGroup;
			children = (
				2134EF1D2791889300A5B24C /* MyRecommendViewController.h */,
				2134EF1E2791889300A5B24C /* MyRecommendViewController.m */,
			);
			path = Controller;
			sourceTree = "<group>";
		};
		2134EF3D2792EB0700A5B24C /* View */ = {
			isa = PBXGroup;
			children = (
			);
			path = View;
			sourceTree = "<group>";
		};
		2134EF3E2792EB0C00A5B24C /* Model */ = {
			isa = PBXGroup;
			children = (
			);
			path = Model;
			sourceTree = "<group>";
		};
		2134EF3F2792EB1500A5B24C /* Controller */ = {
			isa = PBXGroup;
			children = (
				2134EF362792E83600A5B24C /* MyMineViewController.h */,
				2134EF372792E83600A5B24C /* MyMineViewController.m */,
			);
			path = Controller;
			sourceTree = "<group>";
		};
		2134EF402792EB1F00A5B24C /* View */ = {
			isa = PBXGroup;
			children = (
			);
			path = View;
			sourceTree = "<group>";
		};
		2134EF412792EB2600A5B24C /* Model */ = {
			isa = PBXGroup;
			children = (
			);
			path = Model;
			sourceTree = "<group>";
		};
		2196AAE82796C9C300C06FA8 /* Tool */ = {
			isa = PBXGroup;
			children = (
				2196AB1A2798FC9D00C06FA8 /* NSString+LabelSizeCalculator.h */,
				2196AB1B2798FC9D00C06FA8 /* NSString+LabelSizeCalculator.m */,
			);
			path = Tool;
			sourceTree = "<group>";
		};
		41190DF981BF77FC7C5F123B /* Frameworks */ = {
			isa = PBXGroup;
			children = (
				64EC15F34A90107CF267E195 /* libPods-NewsAPP.a */,
			);
			name = Frameworks;
			sourceTree = "<group>";
		};
		64F47E6EB8CB084589C9D349 /* Pods */ = {
			isa = PBXGroup;
			children = (
				B6DFA0BB8C1D4F988E11C9A4 /* Pods-NewsAPP.debug.xcconfig */,
				FE993D6D18BB1DBC3136FF5F /* Pods-NewsAPP.release.xcconfig */,
			);
			path = Pods;
			sourceTree = "<group>";
		};
/* End PBXGroup section */

/* Begin PBXNativeTarget section */
		2134EEBD278A8AE300A5B24C /* NewsAPP */ = {
			isa = PBXNativeTarget;
			buildConfigurationList = 2134EED7278A8AE600A5B24C /* Build configuration list for PBXNativeTarget "NewsAPP" */;
			buildPhases = (
				A0803EDA4C416EAB9A336C48 /* [CP] Check Pods Manifest.lock */,
				2134EEBA278A8AE300A5B24C /* Sources */,
				2134EEBB278A8AE300A5B24C /* Frameworks */,
				2134EEBC278A8AE300A5B24C /* Resources */,
				8AD622D2BC4A1440D9142502 /* [CP] Copy Pods Resources */,
			);
			buildRules = (
			);
			dependencies = (
			);
			name = NewsAPP;
			productName = NewsAPP;
			productReference = 2134EEBE278A8AE300A5B24C /* NewsAPP.app */;
			productType = "com.apple.product-type.application";
		};
/* End PBXNativeTarget section */

/* Begin PBXProject section */
		2134EEB6278A8AE300A5B24C /* Project object */ = {
			isa = PBXProject;
			attributes = {
				BuildIndependentTargetsInParallel = 1;
				LastUpgradeCheck = 1310;
				TargetAttributes = {
					2134EEBD278A8AE300A5B24C = {
						CreatedOnToolsVersion = 13.1;
					};
				};
			};
			buildConfigurationList = 2134EEB9278A8AE300A5B24C /* Build configuration list for PBXProject "NewsAPP" */;
			compatibilityVersion = "Xcode 13.0";
			developmentRegion = en;
			hasScannedForEncodings = 0;
			knownRegions = (
				en,
				Base,
			);
			mainGroup = 2134EEB5278A8AE300A5B24C;
			productRefGroup = 2134EEBF278A8AE300A5B24C /* Products */;
			projectDirPath = "";
			projectRoot = "";
			targets = (
				2134EEBD278A8AE300A5B24C /* NewsAPP */,
			);
		};
/* End PBXProject section */

/* Begin PBXResourcesBuildPhase section */
		2134EEBC278A8AE300A5B24C /* Resources */ = {
			isa = PBXResourcesBuildPhase;
			buildActionMask = 2147483647;
			files = (
				2140292F279433F2004712AB /* placeholder_image.png in Resources */,
				2196AB29279A700200C06FA8 /* 举报.png in Resources */,
				2134EED1278A8AE600A5B24C /* LaunchScreen.storyboard in Resources */,
				2134EF14279162A800A5B24C /* home_selected@2x.png in Resources */,
				21A0EB3E27B6438800F30EE2 /* NewsApp.png in Resources */,
				2134EF13279162A800A5B24C /* video_selected@2x.png in Resources */,
				2134EECE278A8AE600A5B24C /* Assets.xcassets in Resources */,
				2196AB27279A700200C06FA8 /* 屏蔽.png in Resources */,
				2134EF12279162A800A5B24C /* page@2x.png in Resources */,
				2134EF11279162A800A5B24C /* page_selected@2x.png in Resources */,
				2134EF0F279162A700A5B24C /* like_selected@2x.png in Resources */,
				21DE2B6827A2A1B3006C742C /* Splash@x4.jpg in Resources */,
				2134EF10279162A800A5B24C /* video@2x.png in Resources */,
				2134EF242792586B00A5B24C /* aaa.png in Resources */,
				2134EF15279162A800A5B24C /* like@2x.png in Resources */,
				2196AB23279A475E00C06FA8 /* toPlay.png in Resources */,
				2196AB28279A700200C06FA8 /* 不感兴趣.png in Resources */,
				2134EF16279162A800A5B24C /* home@2x.png in Resources */,
			);
			runOnlyForDeploymentPostprocessing = 0;
		};
/* End PBXResourcesBuildPhase section */

/* Begin PBXShellScriptBuildPhase section */
		8AD622D2BC4A1440D9142502 /* [CP] Copy Pods Resources */ = {
			isa = PBXShellScriptBuildPhase;
			buildActionMask = 2147483647;
			files = (
			);
			inputFileListPaths = (
				"${PODS_ROOT}/Target Support Files/Pods-NewsAPP/Pods-NewsAPP-resources-${CONFIGURATION}-input-files.xcfilelist",
			);
			name = "[CP] Copy Pods Resources";
			outputFileListPaths = (
				"${PODS_ROOT}/Target Support Files/Pods-NewsAPP/Pods-NewsAPP-resources-${CONFIGURATION}-output-files.xcfilelist",
			);
			runOnlyForDeploymentPostprocessing = 0;
			shellPath = /bin/sh;
			shellScript = "\"${PODS_ROOT}/Target Support Files/Pods-NewsAPP/Pods-NewsAPP-resources.sh\"\n";
			showEnvVarsInLog = 0;
		};
		A0803EDA4C416EAB9A336C48 /* [CP] Check Pods Manifest.lock */ = {
			isa = PBXShellScriptBuildPhase;
			buildActionMask = 2147483647;
			files = (
			);
			inputFileListPaths = (
			);
			inputPaths = (
				"${PODS_PODFILE_DIR_PATH}/Podfile.lock",
				"${PODS_ROOT}/Manifest.lock",
			);
			name = "[CP] Check Pods Manifest.lock";
			outputFileListPaths = (
			);
			outputPaths = (
				"$(DERIVED_FILE_DIR)/Pods-NewsAPP-checkManifestLockResult.txt",
			);
			runOnlyForDeploymentPostprocessing = 0;
			shellPath = /bin/sh;
			shellScript = "diff \"${PODS_PODFILE_DIR_PATH}/Podfile.lock\" \"${PODS_ROOT}/Manifest.lock\" > /dev/null\nif [ $? != 0 ] ; then\n    # print error to STDERR\n    echo \"error: The sandbox is not in sync with the Podfile.lock. Run 'pod install' or update your CocoaPods installation.\" >&2\n    exit 1\nfi\n# This output is used by Xcode 'outputs' to avoid re-running this script phase.\necho \"SUCCESS\" > \"${SCRIPT_OUTPUT_FILE_0}\"\n";
			showEnvVarsInLog = 0;
		};
/* End PBXShellScriptBuildPhase section */

/* Begin PBXSourcesBuildPhase section */
		2134EEBA278A8AE300A5B24C /* Sources */ = {
			isa = PBXSourcesBuildPhase;
			buildActionMask = 2147483647;
			files = (
				2140292D2793C876004712AB /* MyListItem.m in Sources */,
				2196AAE42795ACC900C06FA8 /* MyVideoToolbar.m in Sources */,
				2134EF222791929300A5B24C /* MyNormalTableViewCell.m in Sources */,
				21A0EB6927B6956600F30EE2 /* MyNewsPageViewController.m in Sources */,
				2134EEC9278A8AE300A5B24C /* MyNewsViewController.m in Sources */,
				219CD3BD279C56C800FB0759 /* MyVideoListItem.m in Sources */,
				2134EF1F2791889300A5B24C /* MyRecommendViewController.m in Sources */,
				214029322794493F004712AB /* MyVideoCoverView.m in Sources */,
				219D706527A663550025AFC0 /* MyLocation.m in Sources */,
				2134EF2D2792A30000A5B24C /* MyDeleteCellView.m in Sources */,
				2134EF2A279264EE00A5B24C /* MyDetailViewController.m in Sources */,
				2134EF382792E83600A5B24C /* MyMineViewController.m in Sources */,
				2134EEC3278A8AE300A5B24C /* AppDelegate.m in Sources */,
				2134EED4278A8AE600A5B24C /* main.m in Sources */,
				2196AB1F2798FFB200C06FA8 /* MyFlowLayout.m in Sources */,
				219CD3B4279AFDD500FB0759 /* MyVideoListLoader.m in Sources */,
				21A0EB3C27B0C7AA00F30EE2 /* MySearchBar.m in Sources */,
				21A0EB6C27B8EDAC00F30EE2 /* MyVideoPageViewController.m in Sources */,
				2196AAE127954ECF00C06FA8 /* MyVideoPlayer.m in Sources */,
				219D706827A6D0D80025AFC0 /* MyNotification.m in Sources */,
				2196AB1C2798FC9D00C06FA8 /* NSString+LabelSizeCalculator.m in Sources */,
				2134EF442792F88A00A5B24C /* MyListLoader.m in Sources */,
				21DE2B6427A29866006C742C /* MySplashView.m in Sources */,
				2134EF1C27916C3A00A5B24C /* MyVideoViewController.m in Sources */,
				2134EEC6278A8AE300A5B24C /* SceneDelegate.m in Sources */,
			);
			runOnlyForDeploymentPostprocessing = 0;
		};
/* End PBXSourcesBuildPhase section */

/* Begin PBXVariantGroup section */
		2134EECF278A8AE600A5B24C /* LaunchScreen.storyboard */ = {
			isa = PBXVariantGroup;
			children = (
				2134EED0278A8AE600A5B24C /* Base */,
			);
			name = LaunchScreen.storyboard;
			sourceTree = "<group>";
		};
/* End PBXVariantGroup section */

/* Begin XCBuildConfiguration section */
		2134EED5278A8AE600A5B24C /* Debug */ = {
			isa = XCBuildConfiguration;
			buildSettings = {
				ALWAYS_SEARCH_USER_PATHS = NO;
				CLANG_ANALYZER_NONNULL = YES;
				CLANG_ANALYZER_NUMBER_OBJECT_CONVERSION = YES_AGGRESSIVE;
				CLANG_CXX_LANGUAGE_STANDARD = "gnu++17";
				CLANG_CXX_LIBRARY = "libc++";
				CLANG_ENABLE_MODULES = YES;
				CLANG_ENABLE_OBJC_ARC = YES;
				CLANG_ENABLE_OBJC_WEAK = YES;
				CLANG_WARN_BLOCK_CAPTURE_AUTORELEASING = YES;
				CLANG_WARN_BOOL_CONVERSION = YES;
				CLANG_WARN_COMMA = YES;
				CLANG_WARN_CONSTANT_CONVERSION = YES;
				CLANG_WARN_DEPRECATED_OBJC_IMPLEMENTATIONS = YES;
				CLANG_WARN_DIRECT_OBJC_ISA_USAGE = YES_ERROR;
				CLANG_WARN_DOCUMENTATION_COMMENTS = YES;
				CLANG_WARN_EMPTY_BODY = YES;
				CLANG_WARN_ENUM_CONVERSION = YES;
				CLANG_WARN_INFINITE_RECURSION = YES;
				CLANG_WARN_INT_CONVERSION = YES;
				CLANG_WARN_NON_LITERAL_NULL_CONVERSION = YES;
				CLANG_WARN_OBJC_IMPLICIT_RETAIN_SELF = YES;
				CLANG_WARN_OBJC_LITERAL_CONVERSION = YES;
				CLANG_WARN_OBJC_ROOT_CLASS = YES_ERROR;
				CLANG_WARN_QUOTED_INCLUDE_IN_FRAMEWORK_HEADER = YES;
				CLANG_WARN_RANGE_LOOP_ANALYSIS = YES;
				CLANG_WARN_STRICT_PROTOTYPES = YES;
				CLANG_WARN_SUSPICIOUS_MOVE = YES;
				CLANG_WARN_UNGUARDED_AVAILABILITY = YES_AGGRESSIVE;
				CLANG_WARN_UNREACHABLE_CODE = YES;
				CLANG_WARN__DUPLICATE_METHOD_MATCH = YES;
				COPY_PHASE_STRIP = NO;
				DEBUG_INFORMATION_FORMAT = dwarf;
				ENABLE_STRICT_OBJC_MSGSEND = YES;
				ENABLE_TESTABILITY = YES;
				GCC_C_LANGUAGE_STANDARD = gnu11;
				GCC_DYNAMIC_NO_PIC = NO;
				GCC_NO_COMMON_BLOCKS = YES;
				GCC_OPTIMIZATION_LEVEL = 0;
				GCC_PREPROCESSOR_DEFINITIONS = (
					"DEBUG=1",
					"$(inherited)",
				);
				GCC_WARN_64_TO_32_BIT_CONVERSION = YES;
				GCC_WARN_ABOUT_RETURN_TYPE = YES_ERROR;
				GCC_WARN_UNDECLARED_SELECTOR = YES;
				GCC_WARN_UNINITIALIZED_AUTOS = YES_AGGRESSIVE;
				GCC_WARN_UNUSED_FUNCTION = YES;
				GCC_WARN_UNUSED_VARIABLE = YES;
				IPHONEOS_DEPLOYMENT_TARGET = 15.0;
				MTL_ENABLE_DEBUG_INFO = INCLUDE_SOURCE;
				MTL_FAST_MATH = YES;
				ONLY_ACTIVE_ARCH = YES;
				SDKROOT = iphoneos;
			};
			name = Debug;
		};
		2134EED6278A8AE600A5B24C /* Release */ = {
			isa = XCBuildConfiguration;
			buildSettings = {
				ALWAYS_SEARCH_USER_PATHS = NO;
				CLANG_ANALYZER_NONNULL = YES;
				CLANG_ANALYZER_NUMBER_OBJECT_CONVERSION = YES_AGGRESSIVE;
				CLANG_CXX_LANGUAGE_STANDARD = "gnu++17";
				CLANG_CXX_LIBRARY = "libc++";
				CLANG_ENABLE_MODULES = YES;
				CLANG_ENABLE_OBJC_ARC = YES;
				CLANG_ENABLE_OBJC_WEAK = YES;
				CLANG_WARN_BLOCK_CAPTURE_AUTORELEASING = YES;
				CLANG_WARN_BOOL_CONVERSION = YES;
				CLANG_WARN_COMMA = YES;
				CLANG_WARN_CONSTANT_CONVERSION = YES;
				CLANG_WARN_DEPRECATED_OBJC_IMPLEMENTATIONS = YES;
				CLANG_WARN_DIRECT_OBJC_ISA_USAGE = YES_ERROR;
				CLANG_WARN_DOCUMENTATION_COMMENTS = YES;
				CLANG_WARN_EMPTY_BODY = YES;
				CLANG_WARN_ENUM_CONVERSION = YES;
				CLANG_WARN_INFINITE_RECURSION = YES;
				CLANG_WARN_INT_CONVERSION = YES;
				CLANG_WARN_NON_LITERAL_NULL_CONVERSION = YES;
				CLANG_WARN_OBJC_IMPLICIT_RETAIN_SELF = YES;
				CLANG_WARN_OBJC_LITERAL_CONVERSION = YES;
				CLANG_WARN_OBJC_ROOT_CLASS = YES_ERROR;
				CLANG_WARN_QUOTED_INCLUDE_IN_FRAMEWORK_HEADER = YES;
				CLANG_WARN_RANGE_LOOP_ANALYSIS = YES;
				CLANG_WARN_STRICT_PROTOTYPES = YES;
				CLANG_WARN_SUSPICIOUS_MOVE = YES;
				CLANG_WARN_UNGUARDED_AVAILABILITY = YES_AGGRESSIVE;
				CLANG_WARN_UNREACHABLE_CODE = YES;
				CLANG_WARN__DUPLICATE_METHOD_MATCH = YES;
				COPY_PHASE_STRIP = NO;
				DEBUG_INFORMATION_FORMAT = "dwarf-with-dsym";
				ENABLE_NS_ASSERTIONS = NO;
				ENABLE_STRICT_OBJC_MSGSEND = YES;
				GCC_C_LANGUAGE_STANDARD = gnu11;
				GCC_NO_COMMON_BLOCKS = YES;
				GCC_WARN_64_TO_32_BIT_CONVERSION = YES;
				GCC_WARN_ABOUT_RETURN_TYPE = YES_ERROR;
				GCC_WARN_UNDECLARED_SELECTOR = YES;
				GCC_WARN_UNINITIALIZED_AUTOS = YES_AGGRESSIVE;
				GCC_WARN_UNUSED_FUNCTION = YES;
				GCC_WARN_UNUSED_VARIABLE = YES;
				IPHONEOS_DEPLOYMENT_TARGET = 15.0;
				MTL_ENABLE_DEBUG_INFO = NO;
				MTL_FAST_MATH = YES;
				SDKROOT = iphoneos;
				VALIDATE_PRODUCT = YES;
			};
			name = Release;
		};
		2134EED8278A8AE600A5B24C /* Debug */ = {
			isa = XCBuildConfiguration;
			baseConfigurationReference = B6DFA0BB8C1D4F988E11C9A4 /* Pods-NewsAPP.debug.xcconfig */;
			buildSettings = {
				ASSETCATALOG_COMPILER_APPICON_NAME = AppIcon;
				ASSETCATALOG_COMPILER_GLOBAL_ACCENT_COLOR_NAME = AccentColor;
				CODE_SIGN_STYLE = Automatic;
				CURRENT_PROJECT_VERSION = 1;
				GENERATE_INFOPLIST_FILE = YES;
				INFOPLIST_FILE = NewsAPP/Info.plist;
				INFOPLIST_KEY_UIApplicationSupportsIndirectInputEvents = YES;
				INFOPLIST_KEY_UILaunchStoryboardName = LaunchScreen;
				INFOPLIST_KEY_UISupportedInterfaceOrientations_iPad = "UIInterfaceOrientationPortrait UIInterfaceOrientationPortraitUpsideDown UIInterfaceOrientationLandscapeLeft UIInterfaceOrientationLandscapeRight";
				INFOPLIST_KEY_UISupportedInterfaceOrientations_iPhone = "UIInterfaceOrientationPortrait UIInterfaceOrientationLandscapeLeft UIInterfaceOrientationLandscapeRight";
				LD_RUNPATH_SEARCH_PATHS = (
					"$(inherited)",
					"@executable_path/Frameworks",
				);
				MARKETING_VERSION = 1.0;
				PRODUCT_BUNDLE_IDENTIFIER = org.peyet.ios.NewsAPP;
				PRODUCT_NAME = "$(TARGET_NAME)";
				SWIFT_EMIT_LOC_STRINGS = YES;
				TARGETED_DEVICE_FAMILY = "1,2";
			};
			name = Debug;
		};
		2134EED9278A8AE600A5B24C /* Release */ = {
			isa = XCBuildConfiguration;
			baseConfigurationReference = FE993D6D18BB1DBC3136FF5F /* Pods-NewsAPP.release.xcconfig */;
			buildSettings = {
				ASSETCATALOG_COMPILER_APPICON_NAME = AppIcon;
				ASSETCATALOG_COMPILER_GLOBAL_ACCENT_COLOR_NAME = AccentColor;
				CODE_SIGN_STYLE = Automatic;
				CURRENT_PROJECT_VERSION = 1;
				GENERATE_INFOPLIST_FILE = YES;
				INFOPLIST_FILE = NewsAPP/Info.plist;
				INFOPLIST_KEY_UIApplicationSupportsIndirectInputEvents = YES;
				INFOPLIST_KEY_UILaunchStoryboardName = LaunchScreen;
				INFOPLIST_KEY_UISupportedInterfaceOrientations_iPad = "UIInterfaceOrientationPortrait UIInterfaceOrientationPortraitUpsideDown UIInterfaceOrientationLandscapeLeft UIInterfaceOrientationLandscapeRight";
				INFOPLIST_KEY_UISupportedInterfaceOrientations_iPhone = "UIInterfaceOrientationPortrait UIInterfaceOrientationLandscapeLeft UIInterfaceOrientationLandscapeRight";
				LD_RUNPATH_SEARCH_PATHS = (
					"$(inherited)",
					"@executable_path/Frameworks",
				);
				MARKETING_VERSION = 1.0;
				PRODUCT_BUNDLE_IDENTIFIER = org.peyet.ios.NewsAPP;
				PRODUCT_NAME = "$(TARGET_NAME)";
				SWIFT_EMIT_LOC_STRINGS = YES;
				TARGETED_DEVICE_FAMILY = "1,2";
			};
			name = Release;
		};
/* End XCBuildConfiguration section */

/* Begin XCConfigurationList section */
		2134EEB9278A8AE300A5B24C /* Build configuration list for PBXProject "NewsAPP" */ = {
			isa = XCConfigurationList;
			buildConfigurations = (
				2134EED5278A8AE600A5B24C /* Debug */,
				2134EED6278A8AE600A5B24C /* Release */,
			);
			defaultConfigurationIsVisible = 0;
			defaultConfigurationName = Release;
		};
		2134EED7278A8AE600A5B24C /* Build configuration list for PBXNativeTarget "NewsAPP" */ = {
			isa = XCConfigurationList;
			buildConfigurations = (
				2134EED8278A8AE600A5B24C /* Debug */,
				2134EED9278A8AE600A5B24C /* Release */,
			);
			defaultConfigurationIsVisible = 0;
			defaultConfigurationName = Release;
		};
/* End XCConfigurationList section */
	};
	rootObject = 2134EEB6278A8AE300A5B24C /* Project object */;
}
